{
    "_meta": {
        "hash": {
            "sha256": "f1992d05a5349336751f744e256c36d3aa71ba56783ca231b026318bdb5fd877"
        },
        "pipfile-spec": 6,
        "requires": {
            "python_version": "3.10"
        },
        "sources": [
            {
                "name": "pypi",
                "url": "https://pypi.org/simple",
                "verify_ssl": true
            }
        ]
    },
    "default": {
        "atomicwrites": {
            "hashes": [
                "sha256:6d1784dea7c0c8d4a5172b6c620f40b6e4cbfdf96d783691f2e1302a7b88e197",
                "sha256:ae70396ad1a434f9c7046fd2dd196fc04b12f9e91ffb859164193be8b6168a7a"
            ],
            "markers": "sys_platform == 'win32'",
            "version": "==1.4.0"
        },
        "attrs": {
            "hashes": [
                "sha256:2d27e3784d7a565d36ab851fe94887c5eccd6a463168875832a1be79c82828b4",
                "sha256:626ba8234211db98e869df76230a137c4c40a12d72445c45d5f5b716f076e2fd"
            ],
            "markers": "python_version >= '2.7' and python_version not in '3.0, 3.1, 3.2, 3.3, 3.4'",
            "version": "==21.4.0"
        },
        "bcrypt": {
            "hashes": [
                "sha256:56e5da069a76470679f312a7d3d23deb3ac4519991a0361abc11da837087b61d",
                "sha256:5b93c1726e50a93a033c36e5ca7fdcd29a5c7395af50a6892f5d9e7c6cfbfb29",
                "sha256:63d4e3ff96188e5898779b6057878fecf3f11cfe6ec3b313ea09955d587ec7a7",
                "sha256:81fec756feff5b6818ea7ab031205e1d323d8943d237303baca2c5f9c7846f34",
                "sha256:a0584a92329210fcd75eb8a3250c5a941633f8bfaf2a18f81009b097732839b7",
                "sha256:a67fb841b35c28a59cebed05fbd3e80eea26e6d75851f0574a9273c80f3e9b55",
                "sha256:b589229207630484aefe5899122fb938a5b017b0f4349f769b8c13e78d99a8fd",
                "sha256:c95d4cbebffafcdd28bd28bb4e25b31c50f6da605c81ffd9ad8a3d1b2ab7b1b6",
                "sha256:cd1ea2ff3038509ea95f687256c46b79f5fc382ad0aa3664d200047546d511d1",
                "sha256:cdcdcb3972027f83fe24a48b1e90ea4b584d35f1cc279d76de6fc4b13376239d"
            ],
            "markers": "python_version >= '3.6'",
            "version": "==3.2.0"
        },
        "cffi": {
            "hashes": [
                "sha256:00c878c90cb53ccfaae6b8bc18ad05d2036553e6d9d1d9dbcf323bbe83854ca3",
                "sha256:0104fb5ae2391d46a4cb082abdd5c69ea4eab79d8d44eaaf79f1b1fd806ee4c2",
                "sha256:06c48159c1abed75c2e721b1715c379fa3200c7784271b3c46df01383b593636",
                "sha256:0808014eb713677ec1292301ea4c81ad277b6cdf2fdd90fd540af98c0b101d20",
                "sha256:10dffb601ccfb65262a27233ac273d552ddc4d8ae1bf93b21c94b8511bffe728",
                "sha256:14cd121ea63ecdae71efa69c15c5543a4b5fbcd0bbe2aad864baca0063cecf27",
                "sha256:17771976e82e9f94976180f76468546834d22a7cc404b17c22df2a2c81db0c66",
                "sha256:181dee03b1170ff1969489acf1c26533710231c58f95534e3edac87fff06c443",
                "sha256:23cfe892bd5dd8941608f93348c0737e369e51c100d03718f108bf1add7bd6d0",
                "sha256:263cc3d821c4ab2213cbe8cd8b355a7f72a8324577dc865ef98487c1aeee2bc7",
                "sha256:2756c88cbb94231c7a147402476be2c4df2f6078099a6f4a480d239a8817ae39",
                "sha256:27c219baf94952ae9d50ec19651a687b826792055353d07648a5695413e0c605",
                "sha256:2a23af14f408d53d5e6cd4e3d9a24ff9e05906ad574822a10563efcef137979a",
                "sha256:31fb708d9d7c3f49a60f04cf5b119aeefe5644daba1cd2a0fe389b674fd1de37",
                "sha256:3415c89f9204ee60cd09b235810be700e993e343a408693e80ce7f6a40108029",
                "sha256:3773c4d81e6e818df2efbc7dd77325ca0dcb688116050fb2b3011218eda36139",
                "sha256:3b96a311ac60a3f6be21d2572e46ce67f09abcf4d09344c49274eb9e0bf345fc",
                "sha256:3f7d084648d77af029acb79a0ff49a0ad7e9d09057a9bf46596dac9514dc07df",
                "sha256:41d45de54cd277a7878919867c0f08b0cf817605e4eb94093e7516505d3c8d14",
                "sha256:4238e6dab5d6a8ba812de994bbb0a79bddbdf80994e4ce802b6f6f3142fcc880",
                "sha256:45db3a33139e9c8f7c09234b5784a5e33d31fd6907800b316decad50af323ff2",
                "sha256:45e8636704eacc432a206ac7345a5d3d2c62d95a507ec70d62f23cd91770482a",
                "sha256:4958391dbd6249d7ad855b9ca88fae690783a6be9e86df65865058ed81fc860e",
                "sha256:4a306fa632e8f0928956a41fa8e1d6243c71e7eb59ffbd165fc0b41e316b2474",
                "sha256:57e9ac9ccc3101fac9d6014fba037473e4358ef4e89f8e181f8951a2c0162024",
                "sha256:59888172256cac5629e60e72e86598027aca6bf01fa2465bdb676d37636573e8",
                "sha256:5e069f72d497312b24fcc02073d70cb989045d1c91cbd53979366077959933e0",
                "sha256:64d4ec9f448dfe041705426000cc13e34e6e5bb13736e9fd62e34a0b0c41566e",
                "sha256:6dc2737a3674b3e344847c8686cf29e500584ccad76204efea14f451d4cc669a",
                "sha256:74fdfdbfdc48d3f47148976f49fab3251e550a8720bebc99bf1483f5bfb5db3e",
                "sha256:75e4024375654472cc27e91cbe9eaa08567f7fbdf822638be2814ce059f58032",
                "sha256:786902fb9ba7433aae840e0ed609f45c7bcd4e225ebb9c753aa39725bb3e6ad6",
                "sha256:8b6c2ea03845c9f501ed1313e78de148cd3f6cad741a75d43a29b43da27f2e1e",
                "sha256:91d77d2a782be4274da750752bb1650a97bfd8f291022b379bb8e01c66b4e96b",
                "sha256:91ec59c33514b7c7559a6acda53bbfe1b283949c34fe7440bcf917f96ac0723e",
                "sha256:920f0d66a896c2d99f0adbb391f990a84091179542c205fa53ce5787aff87954",
                "sha256:a5263e363c27b653a90078143adb3d076c1a748ec9ecc78ea2fb916f9b861962",
                "sha256:abb9a20a72ac4e0fdb50dae135ba5e77880518e742077ced47eb1499e29a443c",
                "sha256:c2051981a968d7de9dd2d7b87bcb9c939c74a34626a6e2f8181455dd49ed69e4",
                "sha256:c21c9e3896c23007803a875460fb786118f0cdd4434359577ea25eb556e34c55",
                "sha256:c2502a1a03b6312837279c8c1bd3ebedf6c12c4228ddbad40912d671ccc8a962",
                "sha256:d4d692a89c5cf08a8557fdeb329b82e7bf609aadfaed6c0d79f5a449a3c7c023",
                "sha256:da5db4e883f1ce37f55c667e5c0de439df76ac4cb55964655906306918e7363c",
                "sha256:e7022a66d9b55e93e1a845d8c9eba2a1bebd4966cd8bfc25d9cd07d515b33fa6",
                "sha256:ef1f279350da2c586a69d32fc8733092fd32cc8ac95139a00377841f59a3f8d8",
                "sha256:f54a64f8b0c8ff0b64d18aa76675262e1700f3995182267998c31ae974fbc382",
                "sha256:f5c7150ad32ba43a07c4479f40241756145a1f03b43480e058cfd862bf5041c7",
                "sha256:f6f824dc3bce0edab5f427efcfb1d63ee75b6fcb7282900ccaf925be84efb0fc",
                "sha256:fd8a250edc26254fe5b33be00402e6d287f562b6a5b2152dec302fa15bb3e997",
                "sha256:ffaa5c925128e29efbde7301d8ecaf35c8c60ffbcd6a1ffd3a552177c8e5e796"
            ],
            "version": "==1.15.0"
        },
        "click": {
            "hashes": [
                "sha256:6a7a62563bbfabfda3a38f3023a1db4a35978c0abd76f6c9605ecd6554d6d9b1",
                "sha256:8458d7b1287c5fb128c90e23381cf99dcde74beaf6c7ff6384ce84d6fe090adb"
            ],
            "markers": "python_version >= '3.6'",
            "version": "==8.0.4"
        },
        "colorama": {
            "hashes": [
                "sha256:5941b2b48a20143d2267e95b1c2a7603ce057ee39fd88e7329b0c292aa16869b",
                "sha256:9f47eda37229f68eee03b24b9748937c7dc3868f906e8ba69fbcbdd3bc5dc3e2"
            ],
            "markers": "sys_platform == 'win32'",
            "version": "==0.4.4"
        },
        "cryptography": {
            "hashes": [
                "sha256:0a3bf09bb0b7a2c93ce7b98cb107e9170a90c51a0162a20af1c61c765b90e60b",
                "sha256:1f64a62b3b75e4005df19d3b5235abd43fa6358d5516cfc43d87aeba8d08dd51",
                "sha256:32db5cc49c73f39aac27574522cecd0a4bb7384e71198bc65a0d23f901e89bb7",
                "sha256:4881d09298cd0b669bb15b9cfe6166f16fc1277b4ed0d04a22f3d6430cb30f1d",
                "sha256:4e2dddd38a5ba733be6a025a1475a9f45e4e41139d1321f412c6b360b19070b6",
                "sha256:53e0285b49fd0ab6e604f4c5d9c5ddd98de77018542e88366923f152dbeb3c29",
                "sha256:70f8f4f7bb2ac9f340655cbac89d68c527af5bb4387522a8413e841e3e6628c9",
                "sha256:7b2d54e787a884ffc6e187262823b6feb06c338084bbe80d45166a1cb1c6c5bf",
                "sha256:7be666cc4599b415f320839e36367b273db8501127b38316f3b9f22f17a0b815",
                "sha256:8241cac0aae90b82d6b5c443b853723bcc66963970c67e56e71a2609dc4b5eaf",
                "sha256:82740818f2f240a5da8dfb8943b360e4f24022b093207160c77cadade47d7c85",
                "sha256:8897b7b7ec077c819187a123174b645eb680c13df68354ed99f9b40a50898f77",
                "sha256:c2c5250ff0d36fd58550252f54915776940e4e866f38f3a7866d92b32a654b86",
                "sha256:ca9f686517ec2c4a4ce930207f75c00bf03d94e5063cbc00a1dc42531511b7eb",
                "sha256:d2b3d199647468d410994dbeb8cec5816fb74feb9368aedf300af709ef507e3e",
                "sha256:da73d095f8590ad437cd5e9faf6628a218aa7c387e1fdf67b888b47ba56a17f0",
                "sha256:e167b6b710c7f7bc54e67ef593f8731e1f45aa35f8a8a7b72d6e42ec76afd4b3",
                "sha256:ea634401ca02367c1567f012317502ef3437522e2fc44a3ea1844de028fa4b84",
                "sha256:ec6597aa85ce03f3e507566b8bcdf9da2227ec86c4266bd5e6ab4d9e0cc8dab2",
                "sha256:f64b232348ee82f13aac22856515ce0195837f6968aeaa94a3d0353ea2ec06a6"
            ],
            "markers": "python_version >= '3.6'",
            "version": "==36.0.2"
        },
        "cycler": {
            "hashes": [
                "sha256:3a27e95f763a428a739d2add979fa7494c912a32c17c4c38c4d5f082cad165a3",
                "sha256:9c87405839a19696e837b3b818fed3f5f69f16f1eec1a1ad77e043dcea9c772f"
            ],
            "markers": "python_version >= '3.6'",
            "version": "==0.11.0"
        },
        "fonttools": {
            "hashes": [
                "sha256:236b29aee6b113e8f7bee28779c1230a86ad2aac9a74a31b0aedf57e7dfb62a4",
                "sha256:2df636a3f402ef14593c6811dac0609563b8c374bd7850e76919eb51ea205426"
            ],
            "markers": "python_version >= '3.7'",
            "version": "==4.31.2"
        },
        "iniconfig": {
            "hashes": [
                "sha256:011e24c64b7f47f6ebd835bb12a743f2fbe9a26d4cecaa7f53bc4f35ee9da8b3",
                "sha256:bc3af051d7d14b2ee5ef9969666def0cd1a000e121eaea580d4a313df4b37f32"
            ],
            "version": "==1.1.1"
        },
        "kiwisolver": {
            "hashes": [
                "sha256:139c75216e5875ee5f8f4f7adcc3cd339f46f0d66bda2e10d8d21386d635476f",
                "sha256:14f43edc25daa0646d4b4e86c2ebdd32d785ab73a65a570130a3d234a4554b07",
                "sha256:17ec8bd4e162fd0a8723467395c5bb16fd665a528b78e9339886c82965ed8efb",
                "sha256:199f32bf6f3d3e2246024326497513c5c49c62aecee86f0ac019f5991978d505",
                "sha256:1cf8c81e8a5fb4f5dcbd473fdb619b895313d29b7c60e4545827dcc6efbd8efc",
                "sha256:2467fe5fff6ed2a728e10dca9b1f37e9b911ca5b228a7d8990c8e3abf80c1724",
                "sha256:313724e85fd14d581a939fa02424f4dc772fd914bc04499a8a6377d47313b966",
                "sha256:334a7e3d498a0a791245f0964c746d0414e9b13aef73237f0d798a2101fdbae9",
                "sha256:34e2e39a219b203fa3a82af5b9f8d386a8718677de7a9b82a9634e292a8f4e0a",
                "sha256:384b5076b2c0172003abca9ba8b8c5efcaaffd31616f3f5e0a09dcc34772d012",
                "sha256:3891527ec51b0365bb50de9bf826ce3d5b1adc276685b2779889762437bbd359",
                "sha256:38ebc0cb30ed2f59bd15e23591a53698005123e90e880f1af4600fcdbe4912e1",
                "sha256:4471a48f53d20d49f263ca888aab77b754525ef35e6767657e1a44a724a8b0af",
                "sha256:4b70f0729947d6327cd659e1b3477ced44a317a4ba441238b2a3642990f0ebd7",
                "sha256:576ba51b9f4e4d0d583c1cd257f53397bdc5e66a5e49fe68712f658426115777",
                "sha256:5ca92de8e48678a2cbbd90adb10773e3553bb9fd1c090bf0dfe5fc3337a181ea",
                "sha256:5ecf82bb25cec7df4bfcf37afe49f6f6202b4fa4029be7cb0848ed319c72d356",
                "sha256:65cbdbe14dc5988e362eb15e02dd24c6724238cb235132f812f1e3a29a61a3de",
                "sha256:676f9fac93f97f529dc80b5d6731099fad337549408e8bdd929343b7cb679797",
                "sha256:6bf0080449d6ea39b817d85abd2c20d2d42fd9b1587544d64371d28d93c379cf",
                "sha256:6c19457f58941da61681efaabd5b1c37893108a2f922b9b19538f6921911186d",
                "sha256:70e7b7a4ebeddef423115ea31857732fc04e0f38dd1e6385e1af05b6164a3d0f",
                "sha256:71d44a6a59ea53d41e5950a42ec496fa821bd86f292fb3e10aa1b3932ecfc65e",
                "sha256:734e943ae519cdb8534d9053f478417c525ec921c06896ec7119e65d9ea4a687",
                "sha256:7508b01e211178a85d21f1f87029846b77b2404a4c68cbd14748d4d4142fa3b8",
                "sha256:87367ba1ad3819f7189fe8faff5f75a7603f526576033e7b86e10b598f8790b2",
                "sha256:895b2df026006ff7434b03ca495983d0d26da96f6d58414c77d616747ee77e34",
                "sha256:8cd1f81bc35ec24cb82a7d0b805521e3d71b25b8a493d5810d18dc29644c6ef8",
                "sha256:8f63b981678ca894bb665bcd5043bde2c9ba600e69df730c1ceeadd73ddbcb8c",
                "sha256:925a32900fc16430ba0dec2c0fca2e776eaf2fdc0930d5552be0a59e23304001",
                "sha256:97372c837add54e3e64a811464b14bb01428c4e9256072b6296f04157ea23246",
                "sha256:9b4d1db32a4f1682df1480fd68eb1400235ac8f9ad8932e1624fdb23eb891904",
                "sha256:a0a6f3d5063e7fd6662e4773778ad2cb36e598abc6eb171af4a072ca86b441d0",
                "sha256:af6a7c956a45ee721e4263f5823e1a3b2e6b21a7e2b3646b3794e000620609d0",
                "sha256:b1ff5582bf55e85728119c5a23f695b8e408e15eee7d0f5effe0ee8ad1f8b523",
                "sha256:bb997d1631b20745b18674d68dd6f1d9d45db512efd5fe0f162a5d4a6bbdd211",
                "sha256:c29496625c61e18d97a6f6c2f2a55759ca8290fc21a751bc57824599c431c0d2",
                "sha256:caff7ae6fb6dce2f520b2d46efc801605fa1378fb19bb4580aebc6174eab05a0",
                "sha256:cbf9aa926de224af15c974750fecdc7d2c0043428372acaaf61216e202abbf21",
                "sha256:cd0223a3a4ddcc0d0e06c6cfeb0adde2bc19c08b4c7fc79d48dac2486a4b115b",
                "sha256:daf2030bf18c21bf91fa9cf6a403a765519c9168bd7a91ba1d66d5c7f70ded1e",
                "sha256:ed30c5e58e578a2981c67346b2569e04120d1b80fa6906c207fe824d24603313",
                "sha256:ed937691f522cc2362c280c903837a4e35195659b9935b598e3cd448db863605"
            ],
            "markers": "python_version >= '3.7'",
            "version": "==1.4.0"
        },
        "matplotlib": {
            "hashes": [
                "sha256:14334b9902ec776461c4b8c6516e26b450f7ebe0b3ef8703bf5cdfbbaecf774a",
                "sha256:2252bfac85cec7af4a67e494bfccf9080bcba8a0299701eab075f48847cca907",
                "sha256:2e3484d8455af3fdb0424eae1789af61f6a79da0c80079125112fd5c1b604218",
                "sha256:34a1fc29f8f96e78ec57a5eff5e8d8b53d3298c3be6df61e7aa9efba26929522",
                "sha256:3e66497cd990b1a130e21919b004da2f1dc112132c01ac78011a90a0f9229778",
                "sha256:40e0d7df05e8efe60397c69b467fc8f87a2affeb4d562fe92b72ff8937a2b511",
                "sha256:456cc8334f6d1124e8ff856b42d2cc1c84335375a16448189999496549f7182b",
                "sha256:506b210cc6e66a0d1c2bb765d055f4f6bc2745070fb1129203b67e85bbfa5c18",
                "sha256:53273c5487d1c19c3bc03b9eb82adaf8456f243b97ed79d09dded747abaf1235",
                "sha256:577ed20ec9a18d6bdedb4616f5e9e957b4c08563a9f985563a31fd5b10564d2a",
                "sha256:6803299cbf4665eca14428d9e886de62e24f4223ac31ab9c5d6d5339a39782c7",
                "sha256:68fa30cec89b6139dc559ed6ef226c53fd80396da1919a1b5ef672c911aaa767",
                "sha256:6c094e4bfecd2fa7f9adffd03d8abceed7157c928c2976899de282f3600f0a3d",
                "sha256:778d398c4866d8e36ee3bf833779c940b5f57192fa0a549b3ad67bc4c822771b",
                "sha256:7a350ca685d9f594123f652ba796ee37219bf72c8e0fc4b471473d87121d6d34",
                "sha256:87900c67c0f1728e6db17c6809ec05c025c6624dcf96a8020326ea15378fe8e7",
                "sha256:8a77906dc2ef9b67407cec0bdbf08e3971141e535db888974a915be5e1e3efc6",
                "sha256:8e70ae6475cfd0fad3816dcbf6cac536dc6f100f7474be58d59fa306e6e768a4",
                "sha256:abf67e05a1b7f86583f6ebd01f69b693b9c535276f4e943292e444855870a1b8",
                "sha256:b04fc29bcef04d4e2d626af28d9d892be6aba94856cb46ed52bcb219ceac8943",
                "sha256:b19a761b948e939a9e20173aaae76070025f0024fc8f7ba08bef22a5c8573afc",
                "sha256:b2e9810e09c3a47b73ce9cab5a72243a1258f61e7900969097a817232246ce1c",
                "sha256:b71f3a7ca935fc759f2aed7cec06cfe10bc3100fadb5dbd9c435b04e557971e1",
                "sha256:b8a4fb2a0c5afbe9604f8a91d7d0f27b1832c3e0b5e365f95a13015822b4cd65",
                "sha256:bb1c613908f11bac270bc7494d68b1ef6e7c224b7a4204d5dacf3522a41e2bc3",
                "sha256:d24e5bb8028541ce25e59390122f5e48c8506b7e35587e5135efcb6471b4ac6c",
                "sha256:d70a32ee1f8b55eed3fd4e892f0286df8cccc7e0475c11d33b5d0a148f5c7599",
                "sha256:e293b16cf303fe82995e41700d172a58a15efc5331125d08246b520843ef21ee",
                "sha256:e2f28a07b4f82abb40267864ad7b3a4ed76f1b1663e81c7efc84a9b9248f672f",
                "sha256:e3520a274a0e054e919f5b3279ee5dbccf5311833819ccf3399dab7c83e90a25",
                "sha256:e3b6f3fd0d8ca37861c31e9a7cab71a0ef14c639b4c95654ea1dd153158bf0df",
                "sha256:e486f60db0cd1c8d68464d9484fd2a94011c1ac8593d765d0211f9daba2bd535",
                "sha256:e8c87cdaf06fd7b2477f68909838ff4176f105064a72ca9d24d3f2a29f73d393",
                "sha256:edf5e4e1d5fb22c18820e8586fb867455de3b109c309cb4fce3aaed85d9468d1",
                "sha256:fe8d40c434a8e2c68d64c6d6a04e77f21791a93ff6afe0dce169597c110d3079"
            ],
            "index": "pypi",
            "version": "==3.5.1"
        },
        "numpy": {
            "hashes": [
                "sha256:07a8c89a04997625236c5ecb7afe35a02af3896c8aa01890a849913a2309c676",
                "sha256:08d9b008d0156c70dc392bb3ab3abb6e7a711383c3247b410b39962263576cd4",
                "sha256:201b4d0552831f7250a08d3b38de0d989d6f6e4658b709a02a73c524ccc6ffce",
                "sha256:2c10a93606e0b4b95c9b04b77dc349b398fdfbda382d2a39ba5a822f669a0123",
                "sha256:3ca688e1b9b95d80250bca34b11a05e389b1420d00e87a0d12dc45f131f704a1",
                "sha256:48a3aecd3b997bf452a2dedb11f4e79bc5bfd21a1d4cc760e703c31d57c84b3e",
                "sha256:568dfd16224abddafb1cbcce2ff14f522abe037268514dd7e42c6776a1c3f8e5",
                "sha256:5bfb1bb598e8229c2d5d48db1860bcf4311337864ea3efdbe1171fb0c5da515d",
                "sha256:639b54cdf6aa4f82fe37ebf70401bbb74b8508fddcf4797f9fe59615b8c5813a",
                "sha256:8251ed96f38b47b4295b1ae51631de7ffa8260b5b087808ef09a39a9d66c97ab",
                "sha256:92bfa69cfbdf7dfc3040978ad09a48091143cffb778ec3b03fa170c494118d75",
                "sha256:97098b95aa4e418529099c26558eeb8486e66bd1e53a6b606d684d0c3616b168",
                "sha256:a3bae1a2ed00e90b3ba5f7bd0a7c7999b55d609e0c54ceb2b076a25e345fa9f4",
                "sha256:c34ea7e9d13a70bf2ab64a2532fe149a9aced424cd05a2c4ba662fd989e3e45f",
                "sha256:dbc7601a3b7472d559dc7b933b18b4b66f9aa7452c120e87dfb33d02008c8a18",
                "sha256:e7927a589df200c5e23c57970bafbd0cd322459aa7b1ff73b7c2e84d6e3eae62",
                "sha256:f8c1f39caad2c896bc0018f699882b345b2a63708008be29b1f355ebf6f933fe",
                "sha256:f950f8845b480cffe522913d35567e29dd381b0dc7e4ce6a4a9f9156417d2430",
                "sha256:fade0d4f4d292b6f39951b6836d7a3c7ef5b2347f3c420cd9820a1d90d794802",
                "sha256:fdf3c08bce27132395d3c3ba1503cac12e17282358cb4bddc25cc46b0aca07aa"
            ],
            "markers": "python_version >= '3.8'",
            "version": "==1.22.3"
        },
        "packaging": {
            "hashes": [
                "sha256:dd47c42927d89ab911e606518907cc2d3a1f38bbd026385970643f9c5b8ecfeb",
                "sha256:ef103e05f519cdc783ae24ea4e2e0f508a9c99b2d4969652eed6a2e1ea5bd522"
            ],
            "markers": "python_version >= '3.6'",
            "version": "==21.3"
        },
        "paramiko": {
            "hashes": [
                "sha256:ac6593479f2b47a9422eca076b22cff9f795495e6733a64723efc75dd8c92101",
                "sha256:ddb1977853aef82804b35d72a0e597b244fa326c404c350bd00c5b01dbfee71a"
            ],
            "version": "==2.10.3"
        },
        "pillow": {
            "hashes": [
                "sha256:011233e0c42a4a7836498e98c1acf5e744c96a67dd5032a6f666cc1fb97eab97",
                "sha256:0f29d831e2151e0b7b39981756d201f7108d3d215896212ffe2e992d06bfe049",
                "sha256:12875d118f21cf35604176872447cdb57b07126750a33748bac15e77f90f1f9c",
                "sha256:14d4b1341ac07ae07eb2cc682f459bec932a380c3b122f5540432d8977e64eae",
                "sha256:1c3c33ac69cf059bbb9d1a71eeaba76781b450bc307e2291f8a4764d779a6b28",
                "sha256:1d19397351f73a88904ad1aee421e800fe4bbcd1aeee6435fb62d0a05ccd1030",
                "sha256:253e8a302a96df6927310a9d44e6103055e8fb96a6822f8b7f514bb7ef77de56",
                "sha256:2632d0f846b7c7600edf53c48f8f9f1e13e62f66a6dbc15191029d950bfed976",
                "sha256:335ace1a22325395c4ea88e00ba3dc89ca029bd66bd5a3c382d53e44f0ccd77e",
                "sha256:413ce0bbf9fc6278b2d63309dfeefe452835e1c78398efb431bab0672fe9274e",
                "sha256:5100b45a4638e3c00e4d2320d3193bdabb2d75e79793af7c3eb139e4f569f16f",
                "sha256:514ceac913076feefbeaf89771fd6febde78b0c4c1b23aaeab082c41c694e81b",
                "sha256:528a2a692c65dd5cafc130de286030af251d2ee0483a5bf50c9348aefe834e8a",
                "sha256:6295f6763749b89c994fcb6d8a7f7ce03c3992e695f89f00b741b4580b199b7e",
                "sha256:6c8bc8238a7dfdaf7a75f5ec5a663f4173f8c367e5a39f87e720495e1eed75fa",
                "sha256:718856856ba31f14f13ba885ff13874be7fefc53984d2832458f12c38205f7f7",
                "sha256:7f7609a718b177bf171ac93cea9fd2ddc0e03e84d8fa4e887bdfc39671d46b00",
                "sha256:80ca33961ced9c63358056bd08403ff866512038883e74f3a4bf88ad3eb66838",
                "sha256:80fe64a6deb6fcfdf7b8386f2cf216d329be6f2781f7d90304351811fb591360",
                "sha256:81c4b81611e3a3cb30e59b0cf05b888c675f97e3adb2c8672c3154047980726b",
                "sha256:855c583f268edde09474b081e3ddcd5cf3b20c12f26e0d434e1386cc5d318e7a",
                "sha256:9bfdb82cdfeccec50aad441afc332faf8606dfa5e8efd18a6692b5d6e79f00fd",
                "sha256:a5d24e1d674dd9d72c66ad3ea9131322819ff86250b30dc5821cbafcfa0b96b4",
                "sha256:a9f44cd7e162ac6191491d7249cceb02b8116b0f7e847ee33f739d7cb1ea1f70",
                "sha256:b5b3f092fe345c03bca1e0b687dfbb39364b21ebb8ba90e3fa707374b7915204",
                "sha256:b9618823bd237c0d2575283f2939655f54d51b4527ec3972907a927acbcc5bfc",
                "sha256:cef9c85ccbe9bee00909758936ea841ef12035296c748aaceee535969e27d31b",
                "sha256:d21237d0cd37acded35154e29aec853e945950321dd2ffd1a7d86fe686814669",
                "sha256:d3c5c79ab7dfce6d88f1ba639b77e77a17ea33a01b07b99840d6ed08031cb2a7",
                "sha256:d9d7942b624b04b895cb95af03a23407f17646815495ce4547f0e60e0b06f58e",
                "sha256:db6d9fac65bd08cea7f3540b899977c6dee9edad959fa4eaf305940d9cbd861c",
                "sha256:ede5af4a2702444a832a800b8eb7f0a7a1c0eed55b644642e049c98d589e5092",
                "sha256:effb7749713d5317478bb3acb3f81d9d7c7f86726d41c1facca068a04cf5bb4c",
                "sha256:f154d173286a5d1863637a7dcd8c3437bb557520b01bddb0be0258dcb72696b5",
                "sha256:f25ed6e28ddf50de7e7ea99d7a976d6a9c415f03adcaac9c41ff6ff41b6d86ac"
            ],
            "markers": "python_version >= '3.7'",
            "version": "==9.0.1"
        },
        "pint": {
            "hashes": [
                "sha256:4b37f3c470639ea6f96b0026c3364bde30631fa737092bdaf18ad3f4f76f252f",
                "sha256:8c4bce884c269051feb7abc69dbfd18403c0c764abc83da132e8a7222f8ba801"
            ],
            "markers": "python_version >= '3.7'",
            "version": "==0.18"
        },
        "pluggy": {
            "hashes": [
                "sha256:4224373bacce55f955a878bf9cfa763c1e360858e330072059e10bad68531159",
                "sha256:74134bbf457f031a36d68416e1509f34bd5ccc019f0bcc952c7b909d06b37bd3"
            ],
            "markers": "python_version >= '3.6'",
            "version": "==1.0.0"
        },
        "py": {
            "hashes": [
                "sha256:51c75c4126074b472f746a24399ad32f6053d1b34b68d2fa41e558e6f4a98719",
                "sha256:607c53218732647dff4acdfcd50cb62615cedf612e72d1724fb1a0cc6405b378"
            ],
            "markers": "python_version >= '2.7' and python_version not in '3.0, 3.1, 3.2, 3.3, 3.4'",
            "version": "==1.11.0"
        },
        "pycparser": {
            "hashes": [
                "sha256:8ee45429555515e1f6b185e78100aea234072576aa43ab53aefcae078162fca9",
                "sha256:e644fdec12f7872f86c58ff790da456218b10f863970249516d60a5eaca77206"
            ],
            "version": "==2.21"
        },
        "pyfrc": {
            "hashes": [
                "sha256:87c6b2c643e5fedc34ed390c1773eb3cfeb4cbbf53f6840598996428cd94a118",
                "sha256:bd7bd5d138166e1ae20d4339c0de24b47870817187931e9ec4a6f9208753322f"
            ],
            "markers": "platform_machine != 'armv7l'",
            "version": "==2022.1.4"
        },
        "pynacl": {
            "hashes": [
                "sha256:06b8f6fa7f5de8d5d2f7573fe8c863c051225a27b61e6860fd047b1775807858",
                "sha256:0c84947a22519e013607c9be43706dd42513f9e6ae5d39d3613ca1e142fba44d",
                "sha256:20f42270d27e1b6a29f54032090b972d97f0a1b0948cc52392041ef7831fee93",
                "sha256:401002a4aaa07c9414132aaed7f6836ff98f59277a234704ff66878c2ee4a0d1",
                "sha256:52cb72a79269189d4e0dc537556f4740f7f0a9ec41c1322598799b0bdad4ef92",
                "sha256:61f642bf2378713e2c2e1de73444a3778e5f0a38be6fee0fe532fe30060282ff",
                "sha256:8ac7448f09ab85811607bdd21ec2464495ac8b7c66d146bf545b0f08fb9220ba",
                "sha256:a36d4a9dda1f19ce6e03c9a784a2921a4b726b02e1c736600ca9c22029474394",
                "sha256:a422368fc821589c228f4c49438a368831cb5bbc0eab5ebe1d7fac9dded6567b",
                "sha256:e46dae94e34b085175f8abb3b0aaa7da40767865ac82c928eeb9e57e1ea8a543"
            ],
            "markers": "python_version >= '3.6'",
            "version": "==1.5.0"
        },
        "pynetconsole": {
            "hashes": [
                "sha256:3f6b51e3c943e900578ce92a85104d45784ea522863b025816cc7d580bd00069",
                "sha256:a02a9a6538b63ab63ffb480a0e5c1485aa5f393da6a20f780a6b082c971762d5"
            ],
            "markers": "python_version >= '3.6'",
            "version": "==2.0.4"
        },
        "pynetworktables": {
            "hashes": [
                "sha256:54604b1993515c43890be058263f158c1d168c69bedd802f0de644964cf3840d",
                "sha256:91167948e66c29d5c90f85f3e249403f4d2ebf11368b93f9b968ef315388c73c"
            ],
            "markers": "python_version >= '3.5'",
            "version": "==2021.0.0"
        },
        "pyntcore": {
            "hashes": [
                "sha256:0939b2b1386472daf74178d3713b1d6b9c7aaf10e52fb5a848f9bfdc1e591e5f",
                "sha256:120af9b82e9bc414013562a911569de87fbbf346d867ef7e41b0f526e4f20fd3",
                "sha256:21b99be3c22960a417219cd9907552aeca7a5e957a90bd85e00d435f52b070b2",
                "sha256:2b76091d82db90f644b345687ec5656dabcf9b74c29ab572b00e20f387c90e66",
                "sha256:48c56f312681bd77be696d130611b80322f9fc23a4a7d11f8237c7c4727d3e7a",
                "sha256:5ebf249aeb659e2c091f6959ed22d0aae54022b4923db524aa2adaa55b18ea61",
                "sha256:73603cc3349b20bc64ad893e7a1463d393d690561728efe8ec1b2425fd62dd51",
                "sha256:8990c3b3db210fd5177414b4af388eff26072378939deca100face873449e3c0",
                "sha256:8f535c3346037cdf151131c8c34862ae3fb67c7de02c0fe220eb622f1fce35c0",
                "sha256:983d8e59b4f97b72a82760a44e28b4466e1af6e2a5e7be25b59218caa92f995c",
                "sha256:9e9bcdff1f2d78dea373f7250c63ba73519ffa82946356682fa395a743a33ed2",
                "sha256:ce555d83e3a33b435ac437ef1d5bb26da5c2758ba7fe771dc2d406cabb7cb38b",
                "sha256:d665e0d4fe4ca7156288dbcbe2c181178b90bb6ce3542e244d9870c8344b7194",
                "sha256:dd736d1a87232481b4d0effd95930793209d0b283048fae949075a42fc766f4b",
                "sha256:e6738d1a76af901e5f44e81d30bfe3c310be06caa1a8651921e88546038f4625",
                "sha256:e6cf1c78c9dd0fec339cb1511e78b457a5f9706d99e0a962e5c9ad360a3deca4"
            ],
            "markers": "python_version >= '3.6'",
            "version": "==2022.4.1.0"
        },
        "pyparsing": {
            "hashes": [
                "sha256:18ee9022775d270c55187733956460083db60b37d0d0fb357445f3094eed3eea",
                "sha256:a6c06a88f252e6c322f65faf8f418b16213b51bdfaece0524c1c1bc30c63c484"
            ],
            "markers": "python_version >= '3.6'",
            "version": "==3.0.7"
        },
        "pytest": {
            "hashes": [
                "sha256:841132caef6b1ad17a9afde46dc4f6cfa59a05f9555aae5151f73bdf2820ca63",
                "sha256:92f723789a8fdd7180b6b06483874feca4c48a5c76968e03bb3e7f806a1869ea"
            ],
            "markers": "python_version >= '3.7'",
            "version": "==7.1.1"
        },
        "pytest-reraise": {
            "hashes": [
                "sha256:127aa3ef028bfd2edd0b6c4ebbd5b488eb5c4cc68d40ea05a8929c300b97367c",
                "sha256:ee900ff9f8ceffd8891216bd0bdaa461e05d297ffd0914df6bb20dce0a425420"
            ],
            "markers": "python_full_version >= '3.6.1' and python_full_version < '4.0.0'",
            "version": "==2.1.1"
        },
        "python-dateutil": {
            "hashes": [
                "sha256:0123cacc1627ae19ddf3c27a5de5bd67ee4586fbdd6440d9748f8abb483d3e86",
                "sha256:961d03dc3453ebbc59dbdea9e4e11c5651520a876d0f4db161e8674aae935da9"
            ],
            "markers": "python_version >= '2.7' and python_version not in '3.0, 3.1, 3.2, 3.3'",
            "version": "==2.8.2"
        },
        "robotpy": {
            "extras": [
                "commands2",
                "ctre",
                "navx",
                "rev",
                "sim"
            ],
            "hashes": [
                "sha256:3f44467d5fa98213fe36e7b49e1bd9d300ab160acfe31211b2f7b238be21b122",
                "sha256:ae45fbb3d68d34535fcb7fcb993b50f60c0141278c2ecafe7dd3de309bf8869e"
            ],
            "index": "pypi",
            "version": "==2022.4.1"
        },
        "robotpy-commands-v2": {
            "hashes": [
                "sha256:0caf9bb7ff3820db6544af1428473f8fea7a073d265f1d0bffface0f73d55482",
                "sha256:251314ef41c723fcac93c1ed5c926148a26444e80101eefd4e55776fdb4973c6",
                "sha256:29c852fb1c71b4e42916b762fab9265eb8bda4ccb5c3f49e660a0d03a884d10f",
                "sha256:54b3ac9aefc99f827ccf7a2afe33de28e1bc6a7e572c360616a50d867d6c4c6a",
                "sha256:55ef0015775444a0bc4a3b211ca8c56551371355d5bceb5d1506ec33257dd4d5",
                "sha256:8a684f165cf3d5a94cc0b73e37ab26b15408c10f0a7453a3335e85a2ca0bd4b2",
                "sha256:97d2ce2de776607493845848f4c8fc97a2828f508788d230687e55a8ca04a353",
                "sha256:9e37095c7e289253f2f0b94aabae1afba0cbc42cd8ef1b89f80dc00255fd93a8",
                "sha256:be6777e20b412a1880b414a3fa2cbd59079532de0964fb53d957afab76090608",
                "sha256:c3440728877fd7e60cb81dceababc9ae12c3c22aad0448165e380cdb46028d95",
                "sha256:c5508e197eb3fad8dee952417f664b2362f8438debbe0dd58f84654197c867dc",
                "sha256:e53556677780633a61be559cb84f1767372aaf861921e2ff783375d9803688df",
                "sha256:e90e3fe71935c2b2f422beba40e2772bc3854f86b1b877dfcb4fb3a5fd6dbcd7",
                "sha256:eb81987a983dd3d1bcf090fd6c6d698352b13a071e48319540d461aef19f6a66",
                "sha256:ee3176450f92730891005368ccbe3d5fe55b59c98336c922682776cc58099aed",
                "sha256:fdaa8b319690fa776b1e9f9818b8027513887c8d6eb4adeaf4435aa70f119742"
            ],
            "version": "==2022.4.1.0"
        },
        "robotpy-ctre": {
            "hashes": [
                "sha256:041810661de9415ff1e8be82581ce975ac44a70dd7cec1079dd6b3b4931adb9d",
                "sha256:0af57df0e766d8972ae4c6282b1b0e44f9051115c6dc7e4c11fde94aa1b7b894",
                "sha256:1e66a0412ab4bcffdf83f42ba67fd56c9675d84fc47799e20977d5c1599cd4c3",
                "sha256:2acd29ece3a61a1542dec868937ba07b035c4aba40630859da3fcefb24322ce5",
                "sha256:310f5ee248128fca9a43a5a4284a647aa3666a3347507a0f011ce240443518ec",
                "sha256:38f78fb06b8d48194f7698166408dada542bc50f88acc7c9a95111ecb7b5b7c9",
                "sha256:3d9a28d966544cbb3525b0a57a991779bceb654bc20447d5f4ceefb46855c417",
                "sha256:40f01a98e6373a0632e10b4d91d05366982c24fa419cf8b1817302d9da5b8dc6",
                "sha256:5629c1d79a951b216469dbb925b557d11c2d1555f92339c12f28825e6d406b94",
                "sha256:88298698c83d26ca6dd6a75c4163b0311588be53e5882cc33b875792f4d5fa68",
                "sha256:9fc0d178727c4f8316d3e7fc73c431d1e445a256f85c9bf1099704fea4ba1154",
                "sha256:a81f642fd856aba881b902957dccbd247f5e5117575b4f51fb2c7b62cafcb1ed",
                "sha256:cb4f92b1e6fc9503a689f3a7da8ca6bae71710e1d1453187a401945d9690a8aa",
                "sha256:edad662b312bbb12a8ac1d1c81b4cc75a40f1813561d177674bffc165ec02228",
                "sha256:f0685e1218ad9f10721694d012a59c706e988612d4d5a437698f53855aee2b71",
                "sha256:fb142a5200f67253c9ce153f93a6609214b5fbe81506da5812a636a5719f0970"
            ],
            "version": "==2022.1.1"
        },
        "robotpy-hal": {
            "hashes": [
                "sha256:0f416f79ae946b7012c4574a25b882ca2209a3b5ba1daaa81f03d6a7c599188c",
                "sha256:0f587a8476652dd2db8527edd811201b24c4f8675778f12837dfd76b1fa9ddad",
                "sha256:2be6c439dd8ab8fb53598eece9b030157f612774c3c70ce269e65be24f926cc3",
                "sha256:3e27cdf17fd8792307ee3c7be189683db4128781c7b4b5778d858a82dbab2c79",
                "sha256:3ef0005fb9a192bd18c5752f9bb23821405167cf4e4322b27b0c07d03cc7c4bd",
                "sha256:4c2c8ad9fdf0d20d2c5ed99b7747ccf42dfefcc8e7a135666a7cd128d1a72043",
                "sha256:58a66666a3ad8cf572cb6b51832f9a6b72edaee890c4c4c4aecc8af77d1672d4",
                "sha256:58d66704020bca40987f9e17441d0a17feb55d51cb70e8b664f591855feb544b",
                "sha256:7cde1e30b37e134139a9cc7d55763f2160b31cf03720bdb434a28f5b9cd390e7",
                "sha256:bcb81e807ecaeb77fb8520febab64e4988fc30f7a3e37c83f3631944a76000f8",
                "sha256:c4e3219870f4ee1e5f9dad1671f7746aaf566725f582776450ed9318aada655b",
                "sha256:ce84891114f35d9ec09aba6373a5d5efd561ec5854bbad24dce29a3d6b3894b4",
                "sha256:ce9a4d372d57b8a48c63e66c3a3285c0d420c469e2ab25526b6662222aa7ed88",
                "sha256:d277dbab69682f572fdcf7b97af99bc24cf9bcd2d1acd7deb025a94111b611eb",
                "sha256:d2a60ce44b9e3940b66368bd1d391aa8455461ee16a4d7284d5905cbf1282d48",
                "sha256:d9d9aabbff3d66d7449c30b2fe781b8d3877d20391ac54b21c2b951abb13e0cd"
            ],
            "markers": "python_version >= '3.6'",
            "version": "==2022.4.1.1"
        },
        "robotpy-halsim-ds-socket": {
            "hashes": [
                "sha256:0cb4f1dafeae4f82ae922c6df3011882984305b47333961b4a00ea7dbc8be0fd",
                "sha256:0e149f02f36eaa1f1ec83236e6decae2fe039e4ef2f87cd909c5a767534e79ec",
                "sha256:3ba87f6519a8ffc7b7e0f3e97b4aca6849d506f882e39563182a1ac163fbedb4",
                "sha256:4092516c2346e4d7faf4e3afc120ce1d52238c6510bcfc5273eb0daf07a62c20",
                "sha256:40f02e5156e49a05ed775d245ce4e7c16f95b7163f77bd8b36df8cf9f0d62dc1",
                "sha256:57093acf5b48fafab038928d9d720abc3c95fb6815f7885ae6224a6f2e01d991",
                "sha256:57f416da8c4203ecb55f66c574f46874a2f9c1a7c95b242c4443d67b6234f8a0",
                "sha256:822e18898e62486516834f85cb8015a72785aa8afc110e4c9536171d06d855d8",
                "sha256:906433b1302357c63a75205d709e6b5ab45299b36aec58b27017192965a84f76",
                "sha256:94e64bbaf3e51b2bb3e483fe0a2d7a0e0645297a0d7ba42c5f6c8ab176909660",
                "sha256:9ec78b2a05ffd9ea874f059469ea40c3bc5a354960ffecc011e347cf79c2ea04",
                "sha256:d5820df972dedddbe84f54a4cf8b77b2b8da55fa19659fceaac13f097815c676",
                "sha256:d680c4a2a0dc1b7fd67472ebb193b2c81d50a679a7836b351d231f97be070688",
                "sha256:ebaf7a56248e5f5a66ec587c9095e912ede76aeb3e03e71d93650f3b35963453",
                "sha256:f1b5f102f4d944ccc8877aafa28d00de183f017b25d3fb48092c69280424f151",
                "sha256:fd550046587797cfef8e5a03b694e12670f2a76a9b4310d41192ebddd408d156"
            ],
            "version": "==2022.4.1.0"
        },
        "robotpy-halsim-gui": {
            "hashes": [
                "sha256:078f5f403ff4d5ed1672a141aeb60f9d5e9d4b3012d43d30ffa3122a6513f6ff",
                "sha256:0fdcfcbde9b7fee833db88d783e5b07129bae84aeb2d017024a213c069cc0215",
                "sha256:19989e9af4667fd991240377bd236eae5943a92771cfe2bd09c0a08c947135eb",
                "sha256:22efb6c301c3474dcede8373ce51c5a3532c77d843d106bdad08065fddd8d613",
                "sha256:3122ab3e29830c18f1aeb7ec6ac121b6e34dbdf4cf42dfb987613235a042fc64",
                "sha256:3a673c927843bb049141c8614e3d7e6a23d1d083a3c2284a011755a6c5d0e929",
                "sha256:4f6c794557589a429d183d48fb5c17c099f3170908308e7ba420ddfa8af1e24a",
                "sha256:590ea5154a3ea1dd901ca6b9313ee3523bba5c7b94f68156474c211a72844f8e",
                "sha256:602d4bc38e0e66b3ff5959180d12ab4d5c550464fa9371bd038231edb87b8f10",
                "sha256:d2fd7f39a6458ef3f9d71dd552de7be757dba41a765b233de38222b1d7126e45",
                "sha256:d4f3d26028ab93c435ee02e377c5342353adbab566d70541789e0a2067e87b1d",
                "sha256:e133de91543e97c476acd1e727da07ec3c75b9a57f606d7b32bf236894cb8ee5",
                "sha256:e3142067dc5f5a484a8618a49fd01011586aba24fde558da1c48b12bbbc497ee",
                "sha256:f7ba0a3e4c634be74296c695ab13ff60e8b34ca2400169a072630bf36f7b0b0c",
                "sha256:fda4190785fd9c046b1e6241cee39a087643f128e0df8be4542c3444d9afcf8c",
                "sha256:ffe085a7f9cf92597c2808a792a29999f385d5647afd26c755fc59e951c939d7"
            ],
            "markers": "platform_machine != 'armv7l'",
            "version": "==2022.4.1.1"
        },
        "robotpy-halsim-ws": {
            "hashes": [
                "sha256:1b1f33a812c2a992dd8b176ad29a9c7afa8ee7bef93382c307f72bc411710d32",
                "sha256:1be6277855f25b501024bde3aac0d80c3d7b3d163add6209ee242ee98c6298c3",
                "sha256:20596070efd2b09c572686b69a85befb15cddc56f7b8a59681b5743e87e01cde",
                "sha256:28750f201b6731d5ee35f9fdc8ebb4ba51151463f1d7356e0c851aab9064268a",
                "sha256:2a24a6385a3ff896f9ceaa69b14e9ddce87d1ead8cca34a3fa18b259588753b5",
                "sha256:3282b5f3c76c6f02d64fb0886e8080b9950e5addfc60c81448bdd64cdc223977",
                "sha256:675cefc815056343febd2fbcb21f356bc5f00a17b62b539f1c1ecb110b70528a",
                "sha256:68c6b65fc410f5f8eeab2abb9828ff55b4c60508d19a93808cec053371225e83",
                "sha256:6ae11328c9cb8f4918854c0597391aeedc94074bf621e1731bb6e3e2f977770c",
                "sha256:a94231d8c94c0f29ce64bd1f8b22f2a504201dab49cbad67f22e9bdb28f1996e",
                "sha256:ab6bea9149f3a1bfedbc717978298e4e372e0194309e81c531a5e700108481e0",
                "sha256:d3b1fc875d2226be34fe8116dbfe42ac7b3371ea14c82977e1acff9782183282",
                "sha256:e1d2f135b87893244afc40cf38a52c363185de9b40255cf90a3ba8947164ab41",
                "sha256:e361438569818ba1db3e27d05d54794d230911a407da87c442249bed423defa4",
                "sha256:f88990042d67d0ce8c27d56626d196a9b6e4461f56bf07845c45ccd2a3309038",
                "sha256:f8b8395551e2c696fcdcbb1449e65beaca6a46d030e9458ecbe95d78219f3ec6"
            ],
            "version": "==2022.4.1.0"
        },
        "robotpy-installer": {
            "hashes": [
                "sha256:0b8bcc47c29242afd972fa5312dedfe8c4a8a09d99c743a19ae85f0b986724a3",
                "sha256:dd64c7e1e6fb54c83be275a2913b4a411855e79a0dfd32bcdc8e05c7ece63857"
            ],
            "markers": "platform_machine != 'armv7l'",
            "version": "==2022.1.1"
        },
        "robotpy-navx": {
            "hashes": [
                "sha256:000ef51f7910aa0c5689de8985c65cef90e21d97f0292473a978e0bce0094ce4",
                "sha256:0b4dfc5ef9a380f151f3309755865f0191507dc364db023ca518daa87d7f20f0",
                "sha256:0c117e8699aa578b0b25d023fcd3697bd27da8789e0c2e8615ab6eabfdb1be33",
                "sha256:25ae94cbb141cf7aeade1039a112bc5808bd22aa8370765fa493ad356a12255a",
                "sha256:290ea09909a792af5e4034578539d71de16a39d8c8d598406c3d07e466aeb2b9",
                "sha256:35edb25c25235c118694f8b2009484b62029c86af265f69844022eb8d4184402",
                "sha256:68b3d47b78c6f977009814f0f5f85b0412fbfaa75088711b504fa1cedcae1da9",
                "sha256:6e9e5c6877669f43c7595fbb68e30a76b5b9f9877d7729da85c7fded75a08c7e",
                "sha256:7a1ff33b46929c750683d55bc405c312d006758c63f2a1ec88221d004e1e42b3",
                "sha256:85b4730b26b97e52827397a31b3fc1dd6fb4360f479c888c14f834149c45ad57",
                "sha256:9a5e16222ded06ddcf1dbd335d1de88e95135f0c7be49596cf6727b847c8d642",
                "sha256:c078b07bb340633995f1406fef8b9ed012744c5357bfc4eace15ebf573cf6997",
                "sha256:d2bf4f0a5097410ed4894f3b3fab1d0934a307bb449ed4e2cede76430619ac77",
                "sha256:e25bb64c2abadeebdeb6df7efd79cb9195bddbd14ed866d485b805ab843b4b37",
                "sha256:e30573ddd57f8f061e2ffae2d9858ffa2565964aac8631cf6c5afec72cc2b712",
                "sha256:eb9813fd2f84c2990b95fde0a0a4095dff401317c9c9a72d1d1196c683bd59c5"
            ],
            "version": "==2022.0.2"
        },
        "robotpy-rev": {
            "hashes": [
                "sha256:33ee8b58522ec9cc2ef26bf658b6c4d8fd10c8b330a5510e255f2dca4380f748",
                "sha256:38f2f290cf77edac4084b784150c63acaa545c32460392565bc9cee2cedbd0c3",
                "sha256:44b104f0bf2c0db9bfcb7c4e0c7dfd017236b9cd083bc83c880d6a7c5b5f3331",
                "sha256:4895665d7f6c8e5704286418f590a2f2c12f18dab5e7125be5fdd2d146b7c7be",
                "sha256:529a0895d6bbaa6dfc39c9004ccc993f6b2a6643d026a9c13e84e4d6195b6135",
                "sha256:77cab66727e331f436bc2fa38430c4a857a4eb32330ccbdf469576579ef66049",
                "sha256:8c7a2205c2ec74fdbbd3725176634e40d30d2505e325f2a0ff69f280a820600c",
                "sha256:8e0f0a506b76b49f5e66616b9897ed53d330eb8d73810fb8e11795e1b4608073",
                "sha256:a9c562c6940bc8ee18dc3159d90a9381002f926b3e363d5a88c9b28a602c3c6a",
                "sha256:b3fadf60832385c1f4afff97027b248c871774592802dea315a5cb836d3caae5",
                "sha256:e1fa0e319ad5838dc1a0146e122fe99a2f4b7392cc7c5413c62f24d8eace93cf",
                "sha256:e8e182129b1f9eeb70da3206176d5dc93d6a899c200208a45c794e3c48f0fbc2",
                "sha256:f3cd115ebce6d28f949f91789109c9b697f5eba77b668df38e87162bfe0adc0f",
                "sha256:f5bdfa220c926d506fc8bccb1723a274b4e0cb50fd01be4e22b60182e958d919",
                "sha256:fabc77a75e51d71fdff19b0adbbcc52a6177ccace2b2acf1100ea25ef995918e",
                "sha256:fec101c8a66f278925010a046f75379d2a37d0e6ba681b1ceff493591efbf91b"
            ],
            "version": "==2022.0.1"
        },
        "robotpy-wpilib-utilities": {
            "hashes": [
                "sha256:29cf0a86ca13662ad85843b23ef0ab367ec9b730572e67202a87d81da1c5b920",
                "sha256:2f5067277fb42e75e581c2e797d1ccfcb4a53f1a2684a1d682e4e024363eb984"
            ],
            "markers": "python_version >= '3.6'",
            "version": "==2022.0.5"
        },
        "robotpy-wpimath": {
            "hashes": [
                "sha256:0a7ee46115ab406cdf0dbd2c8c444d772431269fff0b8edfdc7cf9c47abd5653",
                "sha256:245a960f5ec35f29b0d9aa2dc6f176e095f4438d736ec3f0a1b57a107249ae55",
                "sha256:29c88ecfb0ac449c1e608178ae5b3d96ff5b084abe99699cabd72eaeb8100c18",
                "sha256:457cae41679f3b456587ecbf6db7ab56ef93627676306cc71d0c35ab67d19903",
                "sha256:49c9a468671ab74c18b3c5f7ab1e7a3f7382dce5a2cb4b2f0c4db6613a251a11",
                "sha256:69641a7ee6a01d1e08d6b99b823d889e50872c963e514215936a2715934ed9b0",
                "sha256:96df9319226a761c1673bf17da49e799ab5d3da68d21a50c75893eb855b8a35d",
                "sha256:9c88969df06a98a11cddf5e2e5651dc70385855c0348998e0b786b682a5581f0",
                "sha256:bcfdcc0c92aa277bbc62e0ac8a17b7d6c6de3e05ab895cf9525bd4336ec78546",
                "sha256:c2c70e5d48877699a1ea07b7b2b120bcc0244935eb42a32f8f43e5318b6ae5e4",
                "sha256:c45e620b81263ac3d1ab047ab81ec33b6efd39588ace7fb17f35f99abe132bee",
                "sha256:c62eab91260653400fd50f26657aac20e41ef1e3db05abc36e086c3d66b00661",
                "sha256:ce37ba1f93f7fc6b91ec354cd2052457d0f09686cbb6f5799ad4894809da43bf",
                "sha256:db2c6b4c6af74b61466f5a1251c7082aab11618735ffb0bc507e18f70c0a60af",
                "sha256:dbe273820054da1d74b3f9295e18cffb9202684772c769a3951e1d43c965f945",
                "sha256:ec19f6b9e5a8960093b41bdb3d5487ef2d249e8914ac59528691e9db4e3e4f38"
            ],
            "markers": "python_version >= '3.6'",
            "version": "==2022.4.1.1"
        },
        "robotpy-wpiutil": {
            "hashes": [
                "sha256:121fb8e339791e7a56cc0656a83ef24c0cb8b3b0e5f4e9aae899df78735477e0",
                "sha256:166a04e905eb4a616aa0c26e75415162ccf8964b3cfe44eef9bd9f55e9d56cea",
                "sha256:317f1a6d389deaecace2f55a6b3f2c4f688119d5a3ef28aeffa6054f050d350e",
                "sha256:37ede1c2de93c762e7f1b64a2ed0d7270d8b83206e765aeff73e2e9cafac13af",
                "sha256:4b1b3fececb7af78c82ddb684ec2caa5dce9588383c928fc4081b036580e78be",
                "sha256:79b0b48688b0b660614d2d1c923332ff8f4ab6774cc5ad0014da3a4824072732",
                "sha256:7b2c1807ee87d26f85914887d561e4a4a8c0a87b7ada6994013aa2e3431c80c1",
                "sha256:89d1fbea4a317d66943dc651db788c45d2cc14be27dc9ccb33bae8b66973f748",
                "sha256:9463d3924c9e75fa8e5df6ff48673557864404ced23da9e6485265ade7cdc198",
                "sha256:a4753e0bfc8d79bb5efc5cf1bf34d14eb33b63be3539468fc2c844f4afecf486",
                "sha256:b01115f224b562e7b23e09598620b950a9b80084894235cb9e238da706e1aa12",
                "sha256:b2ef708d0c91dfc5321ac6ee86d2dbf921866d16aaf24cdea9ae28ff2840c618",
                "sha256:c46ee2f1a23e5a1f492f25b9199ba508f8ff014c5b73b74f95535c648f7b44f3",
                "sha256:c529551f2ae9962297633018cdf1190289b2bd82569109fcc446491758a3c3c5",
                "sha256:cac2bfdb5160926179d078cf72445b7ef857133bb759222c4c21e63384a07792",
                "sha256:d72954a6b19cc223e852cca89537ff8daa6366301a0c712c4f0e49c1f89047f7"
            ],
            "markers": "python_version >= '3.6'",
            "version": "==2022.4.1.2"
        },
        "six": {
            "hashes": [
                "sha256:1e61c37477a1626458e36f7b1d82aa5c9b094fa4802892072e49de9c60c4c926",
                "sha256:8abb2f1d86890a2dfb989f9a77cfcfd3e47c2a354b01111771326f8aa26e0254"
            ],
            "markers": "python_version >= '2.7' and python_version not in '3.0, 3.1, 3.2, 3.3'",
            "version": "==1.16.0"
        },
        "tomli": {
            "hashes": [
                "sha256:939de3e7a6161af0c887ef91b7d41a53e7c5a1ca976325f429cb46ea9bc30ecc",
                "sha256:de526c12914f0c550d15924c62d72abc48d6fe7364aa87328337a31007fe8a4f"
            ],
            "markers": "python_version >= '3.7'",
            "version": "==2.0.1"
        },
        "wpilib": {
            "hashes": [
                "sha256:042ff3c2eeae85fb4dc78464c14a35fd8c91beb646d2df0a9f18dd8209b16a81",
                "sha256:0dae9b2357697a2d008481ef50efedcf726100e0842fbc99774deb2708f6b4d6",
                "sha256:23ed1d47ee4a92b5a233c1ffea9fca57e254ca1401c97e46169e8cecd4bfacd4",
                "sha256:243edf478432bf5fa154e2068881addbaa6bd3724bf9ae7fb54fc941b7561a69",
                "sha256:3f416e198761908cf15f7c5e88592a819df76c1de7f6a68af975dad26cbdde94",
                "sha256:47cf08364a36b4c7290d623b3b5119353634bb497a6b9865e8d7de2b70b23ebc",
                "sha256:53ff4848aef8c6cf3928835110b0eba22a272c9961ed2dcf2414d2753c5c6f56",
                "sha256:68d16a3f48e8f6289a9f6f4e8887ed92a2c2028be09dc6523a80380d52991e49",
                "sha256:81fa5f484613e5ac3aa87d02ea24c9718927a9095f35bb0e8a9f2f70389f38ae",
                "sha256:9e5ac74d4fe3c3b712d6f1a0f0e0cc0134a7423de39b66df1ac5826d4bf4589f",
                "sha256:9e8d60d1c5a72a639dc3c830f1be04cc5829c7a7537b3af13116ae0f81aec26b",
                "sha256:a7e49005bfc4f9069b67406b358a155052450225b0a93cf4652715467f5a2521",
                "sha256:bc361019903892cd0dd126844be14db5e31ba9b365533dab43dce05abfcfeaec",
                "sha256:c2e3c937211a92afbe543e10ee1ea6489428493c9f411b051136e9ab534447e6",
                "sha256:c46b5c02a1df65fca71ddd3b0c6b83a3d8c7d07aecd082f0dc86cb2eb55cb561",
                "sha256:f5e447359e4d2e8796f468809af72fecddee056d05ff43b9c9d1ad7b2ad4214d"
            ],
            "markers": "python_version >= '3.6'",
            "version": "==2022.4.1.5"
        }
    },
    "develop": {}
}
