{
    "_meta": {
        "hash": {
            "sha256": "7e6e08b7a4cec89f302c6f3f4d902f81a977bb420bb62e17905e5470116ce559"
        },
        "pipfile-spec": 6,
        "requires": {
            "python_version": "3.10.2"
        },
        "sources": [
            {
                "name": "pypi",
                "url": "https://pypi.org/simple",
                "verify_ssl": true
            }
        ]
    },
    "default": {
        "atomicwrites": {
            "hashes": [
                "sha256:6d1784dea7c0c8d4a5172b6c620f40b6e4cbfdf96d783691f2e1302a7b88e197",
                "sha256:ae70396ad1a434f9c7046fd2dd196fc04b12f9e91ffb859164193be8b6168a7a"
            ],
            "markers": "sys_platform == 'win32'",
            "version": "==1.4.0"
        },
        "attrs": {
            "hashes": [
                "sha256:2d27e3784d7a565d36ab851fe94887c5eccd6a463168875832a1be79c82828b4",
                "sha256:626ba8234211db98e869df76230a137c4c40a12d72445c45d5f5b716f076e2fd"
            ],
            "markers": "python_version >= '2.7' and python_version not in '3.0, 3.1, 3.2, 3.3, 3.4'",
            "version": "==21.4.0"
        },
        "bcrypt": {
            "hashes": [
                "sha256:56e5da069a76470679f312a7d3d23deb3ac4519991a0361abc11da837087b61d",
                "sha256:5b93c1726e50a93a033c36e5ca7fdcd29a5c7395af50a6892f5d9e7c6cfbfb29",
                "sha256:63d4e3ff96188e5898779b6057878fecf3f11cfe6ec3b313ea09955d587ec7a7",
                "sha256:81fec756feff5b6818ea7ab031205e1d323d8943d237303baca2c5f9c7846f34",
                "sha256:a0584a92329210fcd75eb8a3250c5a941633f8bfaf2a18f81009b097732839b7",
                "sha256:a67fb841b35c28a59cebed05fbd3e80eea26e6d75851f0574a9273c80f3e9b55",
                "sha256:b589229207630484aefe5899122fb938a5b017b0f4349f769b8c13e78d99a8fd",
                "sha256:c95d4cbebffafcdd28bd28bb4e25b31c50f6da605c81ffd9ad8a3d1b2ab7b1b6",
                "sha256:cd1ea2ff3038509ea95f687256c46b79f5fc382ad0aa3664d200047546d511d1",
                "sha256:cdcdcb3972027f83fe24a48b1e90ea4b584d35f1cc279d76de6fc4b13376239d"
            ],
            "markers": "python_version >= '3.6'",
            "version": "==3.2.0"
        },
        "cffi": {
            "hashes": [
                "sha256:00c878c90cb53ccfaae6b8bc18ad05d2036553e6d9d1d9dbcf323bbe83854ca3",
                "sha256:0104fb5ae2391d46a4cb082abdd5c69ea4eab79d8d44eaaf79f1b1fd806ee4c2",
                "sha256:06c48159c1abed75c2e721b1715c379fa3200c7784271b3c46df01383b593636",
                "sha256:0808014eb713677ec1292301ea4c81ad277b6cdf2fdd90fd540af98c0b101d20",
                "sha256:10dffb601ccfb65262a27233ac273d552ddc4d8ae1bf93b21c94b8511bffe728",
                "sha256:14cd121ea63ecdae71efa69c15c5543a4b5fbcd0bbe2aad864baca0063cecf27",
                "sha256:17771976e82e9f94976180f76468546834d22a7cc404b17c22df2a2c81db0c66",
                "sha256:181dee03b1170ff1969489acf1c26533710231c58f95534e3edac87fff06c443",
                "sha256:23cfe892bd5dd8941608f93348c0737e369e51c100d03718f108bf1add7bd6d0",
                "sha256:263cc3d821c4ab2213cbe8cd8b355a7f72a8324577dc865ef98487c1aeee2bc7",
                "sha256:2756c88cbb94231c7a147402476be2c4df2f6078099a6f4a480d239a8817ae39",
                "sha256:27c219baf94952ae9d50ec19651a687b826792055353d07648a5695413e0c605",
                "sha256:2a23af14f408d53d5e6cd4e3d9a24ff9e05906ad574822a10563efcef137979a",
                "sha256:31fb708d9d7c3f49a60f04cf5b119aeefe5644daba1cd2a0fe389b674fd1de37",
                "sha256:3415c89f9204ee60cd09b235810be700e993e343a408693e80ce7f6a40108029",
                "sha256:3773c4d81e6e818df2efbc7dd77325ca0dcb688116050fb2b3011218eda36139",
                "sha256:3b96a311ac60a3f6be21d2572e46ce67f09abcf4d09344c49274eb9e0bf345fc",
                "sha256:3f7d084648d77af029acb79a0ff49a0ad7e9d09057a9bf46596dac9514dc07df",
                "sha256:41d45de54cd277a7878919867c0f08b0cf817605e4eb94093e7516505d3c8d14",
                "sha256:4238e6dab5d6a8ba812de994bbb0a79bddbdf80994e4ce802b6f6f3142fcc880",
                "sha256:45db3a33139e9c8f7c09234b5784a5e33d31fd6907800b316decad50af323ff2",
                "sha256:45e8636704eacc432a206ac7345a5d3d2c62d95a507ec70d62f23cd91770482a",
                "sha256:4958391dbd6249d7ad855b9ca88fae690783a6be9e86df65865058ed81fc860e",
                "sha256:4a306fa632e8f0928956a41fa8e1d6243c71e7eb59ffbd165fc0b41e316b2474",
                "sha256:57e9ac9ccc3101fac9d6014fba037473e4358ef4e89f8e181f8951a2c0162024",
                "sha256:59888172256cac5629e60e72e86598027aca6bf01fa2465bdb676d37636573e8",
                "sha256:5e069f72d497312b24fcc02073d70cb989045d1c91cbd53979366077959933e0",
                "sha256:64d4ec9f448dfe041705426000cc13e34e6e5bb13736e9fd62e34a0b0c41566e",
                "sha256:6dc2737a3674b3e344847c8686cf29e500584ccad76204efea14f451d4cc669a",
                "sha256:74fdfdbfdc48d3f47148976f49fab3251e550a8720bebc99bf1483f5bfb5db3e",
                "sha256:75e4024375654472cc27e91cbe9eaa08567f7fbdf822638be2814ce059f58032",
                "sha256:786902fb9ba7433aae840e0ed609f45c7bcd4e225ebb9c753aa39725bb3e6ad6",
                "sha256:8b6c2ea03845c9f501ed1313e78de148cd3f6cad741a75d43a29b43da27f2e1e",
                "sha256:91d77d2a782be4274da750752bb1650a97bfd8f291022b379bb8e01c66b4e96b",
                "sha256:91ec59c33514b7c7559a6acda53bbfe1b283949c34fe7440bcf917f96ac0723e",
                "sha256:920f0d66a896c2d99f0adbb391f990a84091179542c205fa53ce5787aff87954",
                "sha256:a5263e363c27b653a90078143adb3d076c1a748ec9ecc78ea2fb916f9b861962",
                "sha256:abb9a20a72ac4e0fdb50dae135ba5e77880518e742077ced47eb1499e29a443c",
                "sha256:c2051981a968d7de9dd2d7b87bcb9c939c74a34626a6e2f8181455dd49ed69e4",
                "sha256:c21c9e3896c23007803a875460fb786118f0cdd4434359577ea25eb556e34c55",
                "sha256:c2502a1a03b6312837279c8c1bd3ebedf6c12c4228ddbad40912d671ccc8a962",
                "sha256:d4d692a89c5cf08a8557fdeb329b82e7bf609aadfaed6c0d79f5a449a3c7c023",
                "sha256:da5db4e883f1ce37f55c667e5c0de439df76ac4cb55964655906306918e7363c",
                "sha256:e7022a66d9b55e93e1a845d8c9eba2a1bebd4966cd8bfc25d9cd07d515b33fa6",
                "sha256:ef1f279350da2c586a69d32fc8733092fd32cc8ac95139a00377841f59a3f8d8",
                "sha256:f54a64f8b0c8ff0b64d18aa76675262e1700f3995182267998c31ae974fbc382",
                "sha256:f5c7150ad32ba43a07c4479f40241756145a1f03b43480e058cfd862bf5041c7",
                "sha256:f6f824dc3bce0edab5f427efcfb1d63ee75b6fcb7282900ccaf925be84efb0fc",
                "sha256:fd8a250edc26254fe5b33be00402e6d287f562b6a5b2152dec302fa15bb3e997",
                "sha256:ffaa5c925128e29efbde7301d8ecaf35c8c60ffbcd6a1ffd3a552177c8e5e796"
            ],
            "version": "==1.15.0"
        },
        "click": {
            "hashes": [
                "sha256:353f466495adaeb40b6b5f592f9f91cb22372351c84caeb068132442a4518ef3",
                "sha256:410e932b050f5eed773c4cda94de75971c89cdb3155a72a0831139a79e5ecb5b"
            ],
            "markers": "python_version >= '3.6'",
            "version": "==8.0.3"
        },
        "colorama": {
            "hashes": [
                "sha256:5941b2b48a20143d2267e95b1c2a7603ce057ee39fd88e7329b0c292aa16869b",
                "sha256:9f47eda37229f68eee03b24b9748937c7dc3868f906e8ba69fbcbdd3bc5dc3e2"
            ],
            "markers": "sys_platform == 'win32'",
            "version": "==0.4.4"
        },
        "cryptography": {
            "hashes": [
                "sha256:0a817b961b46894c5ca8a66b599c745b9a3d9f822725221f0e0fe49dc043a3a3",
                "sha256:2d87cdcb378d3cfed944dac30596da1968f88fb96d7fc34fdae30a99054b2e31",
                "sha256:30ee1eb3ebe1644d1c3f183d115a8c04e4e603ed6ce8e394ed39eea4a98469ac",
                "sha256:391432971a66cfaf94b21c24ab465a4cc3e8bf4a939c1ca5c3e3a6e0abebdbcf",
                "sha256:39bdf8e70eee6b1c7b289ec6e5d84d49a6bfa11f8b8646b5b3dfe41219153316",
                "sha256:4caa4b893d8fad33cf1964d3e51842cd78ba87401ab1d2e44556826df849a8ca",
                "sha256:53e5c1dc3d7a953de055d77bef2ff607ceef7a2aac0353b5d630ab67f7423638",
                "sha256:596f3cd67e1b950bc372c33f1a28a0692080625592ea6392987dba7f09f17a94",
                "sha256:5d59a9d55027a8b88fd9fd2826c4392bd487d74bf628bb9d39beecc62a644c12",
                "sha256:6c0c021f35b421ebf5976abf2daacc47e235f8b6082d3396a2fe3ccd537ab173",
                "sha256:73bc2d3f2444bcfeac67dd130ff2ea598ea5f20b40e36d19821b4df8c9c5037b",
                "sha256:74d6c7e80609c0f4c2434b97b80c7f8fdfaa072ca4baab7e239a15d6d70ed73a",
                "sha256:7be0eec337359c155df191d6ae00a5e8bbb63933883f4f5dffc439dac5348c3f",
                "sha256:94ae132f0e40fe48f310bba63f477f14a43116f05ddb69d6fa31e93f05848ae2",
                "sha256:bb5829d027ff82aa872d76158919045a7c1e91fbf241aec32cb07956e9ebd3c9",
                "sha256:ca238ceb7ba0bdf6ce88c1b74a87bffcee5afbfa1e41e173b1ceb095b39add46",
                "sha256:ca28641954f767f9822c24e927ad894d45d5a1e501767599647259cbf030b903",
                "sha256:e0344c14c9cb89e76eb6a060e67980c9e35b3f36691e15e1b7a9e58a0a6c6dc3",
                "sha256:ebc15b1c22e55c4d5566e3ca4db8689470a0ca2babef8e3a9ee057a8b82ce4b1",
                "sha256:ec63da4e7e4a5f924b90af42eddf20b698a70e58d86a72d943857c4c6045b3ee"
            ],
            "markers": "python_version >= '3.6'",
            "version": "==36.0.1"
        },
        "cycler": {
            "hashes": [
                "sha256:3a27e95f763a428a739d2add979fa7494c912a32c17c4c38c4d5f082cad165a3",
                "sha256:9c87405839a19696e837b3b818fed3f5f69f16f1eec1a1ad77e043dcea9c772f"
            ],
            "markers": "python_version >= '3.6'",
            "version": "==0.11.0"
        },
        "fonttools": {
            "hashes": [
                "sha256:1933415e0fbdf068815cb1baaa1f159e17830215f7e8624e5731122761627557",
                "sha256:2b18a172120e32128a80efee04cff487d5d140fe7d817deb648b2eee023a40e4"
            ],
            "markers": "python_version >= '3.7'",
            "version": "==4.29.1"
        },
        "iniconfig": {
            "hashes": [
                "sha256:011e24c64b7f47f6ebd835bb12a743f2fbe9a26d4cecaa7f53bc4f35ee9da8b3",
                "sha256:bc3af051d7d14b2ee5ef9969666def0cd1a000e121eaea580d4a313df4b37f32"
            ],
            "version": "==1.1.1"
        },
        "kiwisolver": {
            "hashes": [
                "sha256:0007840186bacfaa0aba4466d5890334ea5938e0bb7e28078a0eb0e63b5b59d5",
                "sha256:19554bd8d54cf41139f376753af1a644b63c9ca93f8f72009d50a2080f870f77",
                "sha256:1d45d1c74f88b9f41062716c727f78f2a59a5476ecbe74956fafb423c5c87a76",
                "sha256:1d819553730d3c2724582124aee8a03c846ec4362ded1034c16fb3ef309264e6",
                "sha256:2210f28778c7d2ee13f3c2a20a3a22db889e75f4ec13a21072eabb5693801e84",
                "sha256:22521219ca739654a296eea6d4367703558fba16f98688bd8ce65abff36eaa84",
                "sha256:25405f88a37c5f5bcba01c6e350086d65e7465fd1caaf986333d2a045045a223",
                "sha256:2b65bd35f3e06a47b5c30ea99e0c2b88f72c6476eedaf8cfbc8e66adb5479dcf",
                "sha256:2ddb500a2808c100e72c075cbb00bf32e62763c82b6a882d403f01a119e3f402",
                "sha256:2f8f6c8f4f1cff93ca5058d6ec5f0efda922ecb3f4c5fb76181f327decff98b8",
                "sha256:30fa008c172355c7768159983a7270cb23838c4d7db73d6c0f6b60dde0d432c6",
                "sha256:3dbb3cea20b4af4f49f84cffaf45dd5f88e8594d18568e0225e6ad9dec0e7967",
                "sha256:4116ba9a58109ed5e4cb315bdcbff9838f3159d099ba5259c7c7fb77f8537492",
                "sha256:44e6adf67577dbdfa2d9f06db9fbc5639afefdb5bf2b4dfec25c3a7fbc619536",
                "sha256:5326ddfacbe51abf9469fe668944bc2e399181a2158cb5d45e1d40856b2a0589",
                "sha256:70adc3658138bc77a36ce769f5f183169bc0a2906a4f61f09673f7181255ac9b",
                "sha256:72be6ebb4e92520b9726d7146bc9c9b277513a57a38efcf66db0620aec0097e0",
                "sha256:7843b1624d6ccca403a610d1277f7c28ad184c5aa88a1750c1a999754e65b439",
                "sha256:7ba5a1041480c6e0a8b11a9544d53562abc2d19220bfa14133e0cdd9967e97af",
                "sha256:80efd202108c3a4150e042b269f7c78643420cc232a0a771743bb96b742f838f",
                "sha256:82f49c5a79d3839bc8f38cb5f4bfc87e15f04cbafa5fbd12fb32c941cb529cfb",
                "sha256:83d2c9db5dfc537d0171e32de160461230eb14663299b7e6d18ca6dca21e4977",
                "sha256:8d93a1095f83e908fc253f2fb569c2711414c0bfd451cab580466465b235b470",
                "sha256:8dc3d842fa41a33fe83d9f5c66c0cc1f28756530cd89944b63b072281e852031",
                "sha256:9661a04ca3c950a8ac8c47f53cbc0b530bce1b52f516a1e87b7736fec24bfff0",
                "sha256:a498bcd005e8a3fedd0022bb30ee0ad92728154a8798b703f394484452550507",
                "sha256:a7a4cf5bbdc861987a7745aed7a536c6405256853c94abc9f3287c3fa401b174",
                "sha256:b5074fb09429f2b7bc82b6fb4be8645dcbac14e592128beeff5461dcde0af09f",
                "sha256:b6a5431940f28b6de123de42f0eb47b84a073ee3c3345dc109ad550a3307dd28",
                "sha256:ba677bcaff9429fd1bf01648ad0901cea56c0d068df383d5f5856d88221fe75b",
                "sha256:bcadb05c3d4794eb9eee1dddf1c24215c92fb7b55a80beae7a60530a91060560",
                "sha256:bf7eb45d14fc036514c09554bf983f2a72323254912ed0c3c8e697b62c4c158f",
                "sha256:c358721aebd40c243894298f685a19eb0491a5c3e0b923b9f887ef1193ddf829",
                "sha256:c4550a359c5157aaf8507e6820d98682872b9100ce7607f8aa070b4b8af6c298",
                "sha256:c6572c2dab23c86a14e82c245473d45b4c515314f1f859e92608dcafbd2f19b8",
                "sha256:cba430db673c29376135e695c6e2501c44c256a81495da849e85d1793ee975ad",
                "sha256:dedc71c8eb9c5096037766390172c34fb86ef048b8e8958b4e484b9e505d66bc",
                "sha256:e6f5eb2f53fac7d408a45fbcdeda7224b1cfff64919d0f95473420a931347ae9",
                "sha256:ec2eba188c1906b05b9b49ae55aae4efd8150c61ba450e6721f64620c50b59eb",
                "sha256:ee040a7de8d295dbd261ef2d6d3192f13e2b08ec4a954de34a6fb8ff6422e24c",
                "sha256:eedd3b59190885d1ebdf6c5e0ca56828beb1949b4dfe6e5d0256a461429ac386",
                "sha256:f441422bb313ab25de7b3dbfd388e790eceb76ce01a18199ec4944b369017009",
                "sha256:f8eb7b6716f5b50e9c06207a14172cf2de201e41912ebe732846c02c830455b9",
                "sha256:fc4453705b81d03568d5b808ad8f09c77c47534f6ac2e72e733f9ca4714aa75c"
            ],
            "markers": "python_version >= '3.7'",
            "version": "==1.3.2"
        },
        "matplotlib": {
            "hashes": [
                "sha256:14334b9902ec776461c4b8c6516e26b450f7ebe0b3ef8703bf5cdfbbaecf774a",
                "sha256:2252bfac85cec7af4a67e494bfccf9080bcba8a0299701eab075f48847cca907",
                "sha256:2e3484d8455af3fdb0424eae1789af61f6a79da0c80079125112fd5c1b604218",
                "sha256:34a1fc29f8f96e78ec57a5eff5e8d8b53d3298c3be6df61e7aa9efba26929522",
                "sha256:3e66497cd990b1a130e21919b004da2f1dc112132c01ac78011a90a0f9229778",
                "sha256:40e0d7df05e8efe60397c69b467fc8f87a2affeb4d562fe92b72ff8937a2b511",
                "sha256:456cc8334f6d1124e8ff856b42d2cc1c84335375a16448189999496549f7182b",
                "sha256:506b210cc6e66a0d1c2bb765d055f4f6bc2745070fb1129203b67e85bbfa5c18",
                "sha256:53273c5487d1c19c3bc03b9eb82adaf8456f243b97ed79d09dded747abaf1235",
                "sha256:577ed20ec9a18d6bdedb4616f5e9e957b4c08563a9f985563a31fd5b10564d2a",
                "sha256:6803299cbf4665eca14428d9e886de62e24f4223ac31ab9c5d6d5339a39782c7",
                "sha256:68fa30cec89b6139dc559ed6ef226c53fd80396da1919a1b5ef672c911aaa767",
                "sha256:6c094e4bfecd2fa7f9adffd03d8abceed7157c928c2976899de282f3600f0a3d",
                "sha256:778d398c4866d8e36ee3bf833779c940b5f57192fa0a549b3ad67bc4c822771b",
                "sha256:7a350ca685d9f594123f652ba796ee37219bf72c8e0fc4b471473d87121d6d34",
                "sha256:87900c67c0f1728e6db17c6809ec05c025c6624dcf96a8020326ea15378fe8e7",
                "sha256:8a77906dc2ef9b67407cec0bdbf08e3971141e535db888974a915be5e1e3efc6",
                "sha256:8e70ae6475cfd0fad3816dcbf6cac536dc6f100f7474be58d59fa306e6e768a4",
                "sha256:abf67e05a1b7f86583f6ebd01f69b693b9c535276f4e943292e444855870a1b8",
                "sha256:b04fc29bcef04d4e2d626af28d9d892be6aba94856cb46ed52bcb219ceac8943",
                "sha256:b19a761b948e939a9e20173aaae76070025f0024fc8f7ba08bef22a5c8573afc",
                "sha256:b2e9810e09c3a47b73ce9cab5a72243a1258f61e7900969097a817232246ce1c",
                "sha256:b71f3a7ca935fc759f2aed7cec06cfe10bc3100fadb5dbd9c435b04e557971e1",
                "sha256:b8a4fb2a0c5afbe9604f8a91d7d0f27b1832c3e0b5e365f95a13015822b4cd65",
                "sha256:bb1c613908f11bac270bc7494d68b1ef6e7c224b7a4204d5dacf3522a41e2bc3",
                "sha256:d24e5bb8028541ce25e59390122f5e48c8506b7e35587e5135efcb6471b4ac6c",
                "sha256:d70a32ee1f8b55eed3fd4e892f0286df8cccc7e0475c11d33b5d0a148f5c7599",
                "sha256:e293b16cf303fe82995e41700d172a58a15efc5331125d08246b520843ef21ee",
                "sha256:e2f28a07b4f82abb40267864ad7b3a4ed76f1b1663e81c7efc84a9b9248f672f",
                "sha256:e3520a274a0e054e919f5b3279ee5dbccf5311833819ccf3399dab7c83e90a25",
                "sha256:e3b6f3fd0d8ca37861c31e9a7cab71a0ef14c639b4c95654ea1dd153158bf0df",
                "sha256:e486f60db0cd1c8d68464d9484fd2a94011c1ac8593d765d0211f9daba2bd535",
                "sha256:e8c87cdaf06fd7b2477f68909838ff4176f105064a72ca9d24d3f2a29f73d393",
                "sha256:edf5e4e1d5fb22c18820e8586fb867455de3b109c309cb4fce3aaed85d9468d1",
                "sha256:fe8d40c434a8e2c68d64c6d6a04e77f21791a93ff6afe0dce169597c110d3079"
            ],
            "index": "pypi",
            "version": "==3.5.1"
        },
        "numpy": {
            "hashes": [
                "sha256:03ae5850619abb34a879d5f2d4bb4dcd025d6d8fb72f5e461dae84edccfe129f",
                "sha256:076aee5a3763d41da6bef9565fdf3cb987606f567cd8b104aded2b38b7b47abf",
                "sha256:0b536b6840e84c1c6a410f3a5aa727821e6108f3454d81a5cd5900999ef04f89",
                "sha256:15efb7b93806d438e3bc590ca8ef2f953b0ce4f86f337ef4559d31ec6cf9d7dd",
                "sha256:168259b1b184aa83a514f307352c25c56af111c269ffc109d9704e81f72e764b",
                "sha256:2638389562bda1635b564490d76713695ff497242a83d9b684d27bb4a6cc9d7a",
                "sha256:3556c5550de40027d3121ebbb170f61bbe19eb639c7ad0c7b482cd9b560cd23b",
                "sha256:4a176959b6e7e00b5a0d6f549a479f869829bfd8150282c590deee6d099bbb6e",
                "sha256:515a8b6edbb904594685da6e176ac9fbea8f73a5ebae947281de6613e27f1956",
                "sha256:55535c7c2f61e2b2fc817c5cbe1af7cb907c7f011e46ae0a52caa4be1f19afe2",
                "sha256:59153979d60f5bfe9e4c00e401e24dfe0469ef8da6d68247439d3278f30a180f",
                "sha256:60cb8e5933193a3cc2912ee29ca331e9c15b2da034f76159b7abc520b3d1233a",
                "sha256:6767ad399e9327bfdbaa40871be4254d1995f4a3ca3806127f10cec778bd9896",
                "sha256:76a4f9bce0278becc2da7da3b8ef854bed41a991f4226911a24a9711baad672c",
                "sha256:8cf33634b60c9cef346663a222d9841d3bbbc0a2f00221d6bcfd0d993d5543f6",
                "sha256:94dd11d9f13ea1be17bac39c1942f527cbf7065f94953cf62dfe805653da2f8f",
                "sha256:aafa46b5a39a27aca566198d3312fb3bde95ce9677085efd02c86f7ef6be4ec7",
                "sha256:badca914580eb46385e7f7e4e426fea6de0a37b9e06bec252e481ae7ec287082",
                "sha256:d76a26c5118c4d96e264acc9e3242d72e1a2b92e739807b3b69d8d47684b6677"
            ],
            "markers": "python_version >= '3.8'",
            "version": "==1.22.2"
        },
        "packaging": {
            "hashes": [
                "sha256:dd47c42927d89ab911e606518907cc2d3a1f38bbd026385970643f9c5b8ecfeb",
                "sha256:ef103e05f519cdc783ae24ea4e2e0f508a9c99b2d4969652eed6a2e1ea5bd522"
            ],
            "markers": "python_version >= '3.6'",
            "version": "==21.3"
        },
        "paramiko": {
            "hashes": [
                "sha256:04097dbd96871691cdb34c13db1883066b8a13a0df2afd4cb0a92221f51c2603",
                "sha256:944a9e5dbdd413ab6c7951ea46b0ab40713235a9c4c5ca81cfe45c6f14fa677b"
            ],
            "version": "==2.9.2"
        },
        "pillow": {
            "hashes": [
                "sha256:011233e0c42a4a7836498e98c1acf5e744c96a67dd5032a6f666cc1fb97eab97",
                "sha256:0f29d831e2151e0b7b39981756d201f7108d3d215896212ffe2e992d06bfe049",
                "sha256:12875d118f21cf35604176872447cdb57b07126750a33748bac15e77f90f1f9c",
                "sha256:14d4b1341ac07ae07eb2cc682f459bec932a380c3b122f5540432d8977e64eae",
                "sha256:1c3c33ac69cf059bbb9d1a71eeaba76781b450bc307e2291f8a4764d779a6b28",
                "sha256:1d19397351f73a88904ad1aee421e800fe4bbcd1aeee6435fb62d0a05ccd1030",
                "sha256:253e8a302a96df6927310a9d44e6103055e8fb96a6822f8b7f514bb7ef77de56",
                "sha256:2632d0f846b7c7600edf53c48f8f9f1e13e62f66a6dbc15191029d950bfed976",
                "sha256:335ace1a22325395c4ea88e00ba3dc89ca029bd66bd5a3c382d53e44f0ccd77e",
                "sha256:413ce0bbf9fc6278b2d63309dfeefe452835e1c78398efb431bab0672fe9274e",
                "sha256:5100b45a4638e3c00e4d2320d3193bdabb2d75e79793af7c3eb139e4f569f16f",
                "sha256:514ceac913076feefbeaf89771fd6febde78b0c4c1b23aaeab082c41c694e81b",
                "sha256:528a2a692c65dd5cafc130de286030af251d2ee0483a5bf50c9348aefe834e8a",
                "sha256:6295f6763749b89c994fcb6d8a7f7ce03c3992e695f89f00b741b4580b199b7e",
                "sha256:6c8bc8238a7dfdaf7a75f5ec5a663f4173f8c367e5a39f87e720495e1eed75fa",
                "sha256:718856856ba31f14f13ba885ff13874be7fefc53984d2832458f12c38205f7f7",
                "sha256:7f7609a718b177bf171ac93cea9fd2ddc0e03e84d8fa4e887bdfc39671d46b00",
                "sha256:80ca33961ced9c63358056bd08403ff866512038883e74f3a4bf88ad3eb66838",
                "sha256:80fe64a6deb6fcfdf7b8386f2cf216d329be6f2781f7d90304351811fb591360",
                "sha256:81c4b81611e3a3cb30e59b0cf05b888c675f97e3adb2c8672c3154047980726b",
                "sha256:855c583f268edde09474b081e3ddcd5cf3b20c12f26e0d434e1386cc5d318e7a",
                "sha256:9bfdb82cdfeccec50aad441afc332faf8606dfa5e8efd18a6692b5d6e79f00fd",
                "sha256:a5d24e1d674dd9d72c66ad3ea9131322819ff86250b30dc5821cbafcfa0b96b4",
                "sha256:a9f44cd7e162ac6191491d7249cceb02b8116b0f7e847ee33f739d7cb1ea1f70",
                "sha256:b5b3f092fe345c03bca1e0b687dfbb39364b21ebb8ba90e3fa707374b7915204",
                "sha256:b9618823bd237c0d2575283f2939655f54d51b4527ec3972907a927acbcc5bfc",
                "sha256:cef9c85ccbe9bee00909758936ea841ef12035296c748aaceee535969e27d31b",
                "sha256:d21237d0cd37acded35154e29aec853e945950321dd2ffd1a7d86fe686814669",
                "sha256:d3c5c79ab7dfce6d88f1ba639b77e77a17ea33a01b07b99840d6ed08031cb2a7",
                "sha256:d9d7942b624b04b895cb95af03a23407f17646815495ce4547f0e60e0b06f58e",
                "sha256:db6d9fac65bd08cea7f3540b899977c6dee9edad959fa4eaf305940d9cbd861c",
                "sha256:ede5af4a2702444a832a800b8eb7f0a7a1c0eed55b644642e049c98d589e5092",
                "sha256:effb7749713d5317478bb3acb3f81d9d7c7f86726d41c1facca068a04cf5bb4c",
                "sha256:f154d173286a5d1863637a7dcd8c3437bb557520b01bddb0be0258dcb72696b5",
                "sha256:f25ed6e28ddf50de7e7ea99d7a976d6a9c415f03adcaac9c41ff6ff41b6d86ac"
            ],
            "markers": "python_version >= '3.7'",
            "version": "==9.0.1"
        },
        "pint": {
            "hashes": [
                "sha256:4b37f3c470639ea6f96b0026c3364bde30631fa737092bdaf18ad3f4f76f252f",
                "sha256:8c4bce884c269051feb7abc69dbfd18403c0c764abc83da132e8a7222f8ba801"
            ],
            "markers": "python_version >= '3.7'",
            "version": "==0.18"
        },
        "pluggy": {
            "hashes": [
                "sha256:4224373bacce55f955a878bf9cfa763c1e360858e330072059e10bad68531159",
                "sha256:74134bbf457f031a36d68416e1509f34bd5ccc019f0bcc952c7b909d06b37bd3"
            ],
            "markers": "python_version >= '3.6'",
            "version": "==1.0.0"
        },
        "py": {
            "hashes": [
                "sha256:51c75c4126074b472f746a24399ad32f6053d1b34b68d2fa41e558e6f4a98719",
                "sha256:607c53218732647dff4acdfcd50cb62615cedf612e72d1724fb1a0cc6405b378"
            ],
            "markers": "python_version >= '2.7' and python_version not in '3.0, 3.1, 3.2, 3.3, 3.4'",
            "version": "==1.11.0"
        },
        "pycparser": {
            "hashes": [
                "sha256:8ee45429555515e1f6b185e78100aea234072576aa43ab53aefcae078162fca9",
                "sha256:e644fdec12f7872f86c58ff790da456218b10f863970249516d60a5eaca77206"
            ],
            "version": "==2.21"
        },
        "pyfrc": {
            "hashes": [
                "sha256:6a057bbb1b451515445bc9940f328c6263c7ca84ec3fe06ec6e9a9794970281e",
                "sha256:dfeba17a1f599ebdb6a0df451141a0ff683257704026197f8748c859da79d85c"
            ],
            "markers": "platform_machine != 'armv7l'",
            "version": "==2022.0.2"
        },
        "pynacl": {
            "hashes": [
                "sha256:06b8f6fa7f5de8d5d2f7573fe8c863c051225a27b61e6860fd047b1775807858",
                "sha256:0c84947a22519e013607c9be43706dd42513f9e6ae5d39d3613ca1e142fba44d",
                "sha256:20f42270d27e1b6a29f54032090b972d97f0a1b0948cc52392041ef7831fee93",
                "sha256:401002a4aaa07c9414132aaed7f6836ff98f59277a234704ff66878c2ee4a0d1",
                "sha256:52cb72a79269189d4e0dc537556f4740f7f0a9ec41c1322598799b0bdad4ef92",
                "sha256:61f642bf2378713e2c2e1de73444a3778e5f0a38be6fee0fe532fe30060282ff",
                "sha256:8ac7448f09ab85811607bdd21ec2464495ac8b7c66d146bf545b0f08fb9220ba",
                "sha256:a36d4a9dda1f19ce6e03c9a784a2921a4b726b02e1c736600ca9c22029474394",
                "sha256:a422368fc821589c228f4c49438a368831cb5bbc0eab5ebe1d7fac9dded6567b",
                "sha256:e46dae94e34b085175f8abb3b0aaa7da40767865ac82c928eeb9e57e1ea8a543"
            ],
            "markers": "python_version >= '3.6'",
            "version": "==1.5.0"
        },
        "pynetconsole": {
            "hashes": [
                "sha256:0b442dcb66905452935ec93a1a48efab9b95df2151580895bc0040196948fbb0"
            ],
            "version": "==2.0.2"
        },
        "pynetworktables": {
            "hashes": [
                "sha256:54604b1993515c43890be058263f158c1d168c69bedd802f0de644964cf3840d",
                "sha256:91167948e66c29d5c90f85f3e249403f4d2ebf11368b93f9b968ef315388c73c"
            ],
            "markers": "python_version >= '3.5'",
            "version": "==2021.0.0"
        },
        "pyntcore": {
            "hashes": [
                "sha256:14cb55f479d0fd21d0dce0773c3ba0601c3e0656ec8e66f2a2a1c0046989d088",
                "sha256:169d1be1dca321f8d55bf561d4aa2b6bb92bc531f1337ce419b3e3f7aa4cf752",
                "sha256:31e390e2ede8b1578b8edd0e7a295c24784c8fc6e38f7ecf442b5cbd9465a6d3",
                "sha256:3b5eaca022057a18b50832d0c178f0dfb4b36b6a88bf8c0d45ba73f4c143b480",
                "sha256:3ee39280c90b275cf5cacc32944b53df659d31d8e643940774475ba3aeb0d2f7",
                "sha256:3fb8970bb02a7b4f888ed0abba4beacebdf752867d21e2b8200d511a2dbf5d95",
                "sha256:4755292953a6a0b8f2d162a916c3352ed4e68862353c0e8ce8a12927dc589ad8",
                "sha256:4dcc798d4b894b7fb0367272c0152ef4539b05ec8d9b9cd08835f9a1bb72c7e5",
                "sha256:7afe9f5fe4a22b59a99bfe1490e3a53e68bfaf6c256c550b5702584380007be4",
                "sha256:818357a9cf59a2c039f718516b9a20cbbf6f3a6dedd4b4b9e48e9df4b36a9526",
                "sha256:8324a9c0d81b89ac358cbbfc02a4a1c2c45162d74c40d3f0353f84b1026e474b",
                "sha256:94221f6c222dff45cd5aca5588c927d1b915a9dbc1306f0078592eb43526d924",
                "sha256:9581b8973c585ebe4c50de28b2473eea213e0a1f23b19907dd833e1d6c0777ff",
                "sha256:b1b3760bc7c8869e65d2716d4a697ba23f86f02f504140d68789cb002b22d7a6",
                "sha256:b4137d273409b7a55b50a70181ca5ffc0058792a46e4492411340c300da73577",
                "sha256:fd745d73ac887aef2fe65ac129c7e359cd232fb2a812fbeb8338b47291b7308f"
            ],
            "markers": "python_version >= '3.6'",
            "version": "==2022.3.1.0"
        },
        "pyparsing": {
            "hashes": [
                "sha256:18ee9022775d270c55187733956460083db60b37d0d0fb357445f3094eed3eea",
                "sha256:a6c06a88f252e6c322f65faf8f418b16213b51bdfaece0524c1c1bc30c63c484"
            ],
            "markers": "python_version >= '3.6'",
            "version": "==3.0.7"
        },
        "pytest": {
            "hashes": [
                "sha256:42901e6bd4bd4a0e533358a86e848427a49005a3256f657c5c8f8dd35ef137a9",
                "sha256:dad48ffda394e5ad9aa3b7d7ddf339ed502e5e365b1350e0af65f4a602344b11"
            ],
            "markers": "python_version >= '3.6'",
            "version": "==7.0.0"
        },
        "python-dateutil": {
            "hashes": [
                "sha256:0123cacc1627ae19ddf3c27a5de5bd67ee4586fbdd6440d9748f8abb483d3e86",
                "sha256:961d03dc3453ebbc59dbdea9e4e11c5651520a876d0f4db161e8674aae935da9"
            ],
            "markers": "python_version >= '2.7' and python_version not in '3.0, 3.1, 3.2, 3.3'",
            "version": "==2.8.2"
        },
        "robotpy": {
            "extras": [
                "commands2",
                "ctre",
                "navx",
                "sim"
            ],
            "hashes": [
                "sha256:848c40d83c338c1b1491de04d426fbf37125f3c4a6af6c926be31469eb4ad57f",
                "sha256:9856d1d2dfdb65d2cde428c287f00c2ae78a68636697226cb10f54f30c1f8097"
            ],
            "index": "pypi",
            "version": "==2022.0.51"
        },
        "robotpy-commands-v2": {
            "hashes": [
                "sha256:4e55318aa4f2b997516a860e6a3ccc076251d8bb32444ff247ef1c990d1daa2b",
                "sha256:61be99c7af14f7ec772aac7974563083cd5442ae294dd7b553d84e4e5fe3e8d6",
                "sha256:64da672852a51c28895e1c0caca6a102bd8930c93fbdf9478acc85f2ca77f870",
                "sha256:707212a64c64ea28722fbdce1f6474e36e2907a446d1dc4a50666cab64652d88",
                "sha256:8cd1e668af5ff8ff6f6608d9844a574f2a18fe4325796d674e77ddf956231ca0",
                "sha256:95856a25a8fb739c44e8207d6141b0600ea67e212cd79bb5f45b302b5a4d04d8",
                "sha256:9ded59c6c96debe15e440663d212a5597875e4fb1e5509a82adbb3eb4bd87c91",
                "sha256:a4d381f8e1eb05df548690020eca9480e747a8a217e5044c9c866f81c9f0e6ef",
                "sha256:a681f196d628d248bab53b129baf92c2580a9e29915f1b693b0fbc2223e97ad2",
                "sha256:abb89b4b5928505dc5fd552d6d86d3a8b01ad34e5d1d52d6f38b35c29a090c73",
                "sha256:d5be0b298ccb60359029fab852a3c0a4a49e988df78b7e1d0d9b24e1d56590d3",
                "sha256:d732df645f4031eb7e5fac7a030a3ac9e4d13049457bbb748931f4192417a2ba",
                "sha256:df2b87aa51c5cd36b6e63ebf5ac70912a2685768e189e963a08571471645d127",
                "sha256:f1c2ead71f8dc70ed8462e20d8e69caef45733527e157a6474b5d884057e4ceb",
                "sha256:f44dc89bbca6ca5a0902b827e21ba9d63b26ec7899765f9323a1441e0719474a",
                "sha256:f827de1ffb7dce26c3c0c271f93b74de595f559c5e4f7e744224ce267a9e6bcd"
            ],
            "version": "==2022.3.1.1"
        },
        "robotpy-ctre": {
            "hashes": [
                "sha256:3af78d48086af90bd16a7f11b5204d72c0b4351c059dff41f98635f2e2f00faf",
                "sha256:4635dd126cfd7385abef5ee7c88774652b9c4fb213f2325b59016c571b4ad437",
                "sha256:50dfacbd6c771d3f65ce5d3a07045a3cad9c3e28f13d4d7641ea4973ca48aae1",
                "sha256:5459f8e6b1cab16420eb39948fd832a38685266e750b8e2f6e9774849549a14d",
                "sha256:5fcf19839aa69cff0a9d5fbc3a8cb595be9040e0c4d29df2b5ef8abeb852957d",
                "sha256:626cfd9b1a913a885584e902649e142e8c86d1a15453dca5c87f8bcd6d49e437",
                "sha256:6fb2bf5ce4acc8c9b070510caa46ad95fbdef977a8a5b600d68e0f422e6cad47",
                "sha256:7aedde0504a6ad96e55d83d02326bdcf1c1e6d3a91f14b4fd5e6e19348f38197",
                "sha256:8bde2652e1fe69139912fce7006110e9252f94ce645dbf6eeb78690377301d74",
                "sha256:a5eaa3fd8fd2d1b7b94252ab474321c986336bbc93c4510dab728f53cb04f254",
                "sha256:ad46a89e749e0ac56b39edfee9a9e7eed051545e6692133ade5915480f18a606",
                "sha256:b13ed9de72b48d6f19e1f465477ecb68f8fd2137592d7f246726942a6b746e18",
                "sha256:b67615fba27f114ab7ac21f565e3c9c7ee5bf9168ac723e0355a55986bb2cb2e",
                "sha256:b7a1bdc048ae243a377b29614785a28a2ff86c75fe65addf02f8637137c4466d",
                "sha256:fe496783d804e4a7a768cd7eeb08c5d0d2a146b075ad209374a295f81f46d077",
                "sha256:ffb3abd4e36e80b52adb9daaa46e40005c3d3fb9bfafdb8335f47de599dff71f"
            ],
            "version": "==2022.1.0"
        },
        "robotpy-hal": {
            "hashes": [
                "sha256:0527480f8d51a71e67120221e6e2b0560b5d317067b6f813a2f831f4ad5303cf",
                "sha256:14e5425d566629de84a934a018b76cdf857aac9ea05b84936a88876d1e4b647a",
                "sha256:22afc0ae9aa83c275a482f647ed0cdc1094cb0752c870f70bde583d1e7054205",
                "sha256:3fcd049fb65ad21794dbbc253e82d580b84be8418ec0677267e6bdfe7067764b",
                "sha256:5280adb21a6191c7407e8fd0fbfc81a667627514029e9149970377abeb33b3d8",
                "sha256:773446b916adeebee33ffca814f7046911abe5d2ae8ee3eb4a54fa467bfb2e45",
                "sha256:867550777ad755210fca96836c0b162f89fb012c9ef69216bcbde03bf6f61e36",
                "sha256:94f947314aa09f27ce5c137581f6725641d03605eabc96b736d4e7ef593ed37a",
                "sha256:a17bf4a5b2d0c8732f496195558acbd5be89c6d6072975d1e47c7c258bcd7c33",
                "sha256:b2b3f3a8ea22dc362e4652d302cc9b503d90776db4af96b311b992f146443dac",
                "sha256:b34e73ec318ab3b99cbbe3d6699ac8e9e335fbe89f57edb153e07a3310ba00df",
                "sha256:cc0a377774182be83e2867f402d2a9fe624946cbe6f9c8fcb2e6c9060cd40010",
                "sha256:cf0375abe10459e8561edf839a38e01110a03cb5dbb15a7cc6d8db74a6259da8",
                "sha256:e7b09cbe7a71a951afd162a9889e625b501e804cfee27e02fa1dd573125438b2",
                "sha256:e85141345f397b05ee19b81f954b791d44c383e01125279a44fc1b5673f7dade",
                "sha256:eab4dc471af92555b231411a72ca16968b521a579ffaa36e0cec496712afee41"
            ],
            "markers": "python_version >= '3.6'",
            "version": "==2022.3.1.0"
        },
        "robotpy-halsim-ds-socket": {
            "hashes": [
                "sha256:05cb15af65c8015b7aae19aaf0a928d6c1be163db59ececfe515c597c53467d5",
                "sha256:11f99fb20a68ef2dc6f6761ac740a83bd57816ee2e13f36291f0139e2648291f",
                "sha256:2db0f9d88e91f91fe4f845ec70b6def99d5a1c6970472a8af7f461e49117c83a",
                "sha256:3281ada003384dc1ae25658453484589bb3a6a35d9905c022efc678be0afc30a",
                "sha256:3f19abc83039b212530da8a0761f7db03777eb7b04ae9969c232e2b565f29ecd",
                "sha256:417d2a9a25462dbfeb6cf804e585755a4fc4fff50f457346507248fd1d5e76f9",
                "sha256:467627daa3efc41ca1e2cf4c4a8881b1823c1a85fa01886af7bdb1cef4a5c951",
                "sha256:6e0f480b65fced1ab3e850982b810d93256581eebdafa2c534b53cb2942463eb",
                "sha256:792a9ae801a15e2d999b940f0592ab3d6c3e613d12bfe56cd8e4e9465f8f503c",
                "sha256:84f9cacc261448c00e90e1591483a1af402c3c26318dfe67a588251fade4e284",
                "sha256:a7fd10accb21710baef490f2eeb5abaed731deff34688115699602815dd029b3",
                "sha256:aa0fe2c1b3ad258f5c11a39174bd0e1aad091fa32e3250b1d7d3b96f079b7326",
                "sha256:b5cd318a9a40cfb64327dc5beabc8145cbe0d2064a6fbf780963198d5356f05a",
                "sha256:bde8b03d0e2a952337cbb70db53a25ba3ba0868d82555b40ec86af2018eb23e2",
                "sha256:bf7399ea4430d4415b3f908c81184ba5b5261bf7b9d3d50f50d710306fd871c3",
                "sha256:d85516e1999e3e0d9ce01efef3fec42e02a394d3b3587a42356a74ed97a00ceb"
            ],
            "version": "==2022.3.1.0"
        },
        "robotpy-halsim-gui": {
            "hashes": [
                "sha256:0660d459142e1a2626b433a4c887d3692fd8866f78742d70ed7374c591dd71bd",
                "sha256:0ae6fe4bb13b3362690cbaeac5f78111b1bb71afcb910d5df61b0e52969bed70",
                "sha256:2e42d75c9445ea5ee7e88ccc060a97fd3f06be8d566bfc898241eff659fd938a",
                "sha256:2e9cb300a029d732a7cdabd030809dfeb0820c5e88c32df4a057fea342bd8526",
                "sha256:308e1cc328b482c65a1505c36bdfd8a389fc6b8074db7784e65c33343d1637a4",
                "sha256:320b759e7a697f4062041404c445e7cf27203733854e6e38f694fbfd0fee1104",
                "sha256:3c1ef960f07ea5a59f9ee96b9e88107796d02678d923c97f4f8a654fa2988af5",
                "sha256:54eb8c27013204b5d9a779a49bc02a52292390a7746f21c31f217ab277381640",
                "sha256:66d314c958d753da32ef0c4438d92be2840e843c10cbaa12d3282c5dac0d7056",
                "sha256:7dd3f473424747fb84dc3292cbc15ee2c007ebc5c3bbca2cdb0beee0e4898c1e",
                "sha256:9aad421d468e8812410fd7ebce1578eb0edf05fabef0b7b7ecdd5cac188f9131",
                "sha256:d0d982935cbbf78ba2216948dcd2d6a7221d18bc2e877b4b9e3f69e8fbe232d6",
                "sha256:d80f1c81ec15b9bc9ad970d9c3c47ea4d5c16d6fc67924d7f346204007132fc0",
                "sha256:eef9c30882cca5904122db894709e6536ba49f5a0d44a32a95331957bdc9604e",
                "sha256:f249a3e8a6bf62c2d501c35011bd6d72bcf6b103b016b353651519dae272fe9a",
                "sha256:f2edeca4903361f4f39b679a4a4511350864227de8cde3f9f3feafaa29194ac2"
            ],
            "markers": "platform_machine != 'armv7l'",
            "version": "==2022.3.1.0"
        },
        "robotpy-halsim-ws": {
            "hashes": [
                "sha256:17c3b3cbc595642c61d603fd525049e5fc4a604e651c2db24f553ff64bdc9e5d",
                "sha256:2f97e62f4b16b8f70b5edfb45088c4c5dfe930ca366b06a78528e4d346d198f0",
                "sha256:35d42cb0db101aa545192ea1dc0938327bec843fa2b6e414571d76f37f0d245d",
                "sha256:374ad8bbd04a745988dfa52927732d7dab82a812ce1886b01b6365b72322404b",
                "sha256:4e9e083580136b8d367e1f39a0212eaba2eb25d93be27ace77203caf3d3651e6",
                "sha256:538d212fb3f01197b457d127cc599fde7471ee2c168cabab2b945523b4778297",
                "sha256:602a1e61011902faf250a5b1d52151dabb9b83ef83c11ca8ebe11f0978d7a59d",
                "sha256:65775cec0d432db636c92e593a6ae76ab2f040a073284aa49bd2d7d79f4b2f12",
                "sha256:a95e1d2ef74b6a2353cd5677f8c7468783e1abfa3b79ff77891b109569b8cbce",
                "sha256:b0d0a2c3220608a487bd076b123f3a29dd6816ba702de8c4767c336507dbdfca",
                "sha256:b1dc8507bf8e89237b451ffbc28a9f945ad56561722ddbb99c7bd81768cd2019",
                "sha256:be0857187833218d817d89ad559520afc5b7fcdcc89f8b9edd189282824a0e38",
                "sha256:c4bdc44ac099f40c0ae490c1e488dee266adf949d31c5bc0dfc9848fb52e1fbe",
                "sha256:d780a05756adb9921aa7a15447587db960d9d4955bad5f5cf7144bd68ebb5943",
                "sha256:f11b7d3782d827ae268306b27c15f38229f00bd901eeb65d0e1aef5512a8fd7a",
                "sha256:f46cb8c6a04c4edbe5b605b881bd10105449a33313083e3fb52ef2de950c0818"
            ],
            "version": "==2022.3.1.0"
        },
        "robotpy-installer": {
            "hashes": [
                "sha256:0b8bcc47c29242afd972fa5312dedfe8c4a8a09d99c743a19ae85f0b986724a3",
                "sha256:dd64c7e1e6fb54c83be275a2913b4a411855e79a0dfd32bcdc8e05c7ece63857"
            ],
            "markers": "platform_machine != 'armv7l'",
            "version": "==2022.1.1"
        },
        "robotpy-navx": {
            "hashes": [
                "sha256:028879490dc0c602443a36047caebf505142078ff6f572cf3270753fba167502",
                "sha256:10469986023d5ae85ed53c6ed1fb82b0dc7199e094a6cea83229b94a7e27b775",
                "sha256:10d65adc3cfa100badc82abd9f5aa50629394e7db29cd71b05e55e4a51bde7dc",
                "sha256:1d1b8a973ba0c5008030352d7d4f03e80d5296a8e75cd85dd7b8e0a4d5d59586",
                "sha256:1e30e23863562579d5f4f3cdd08ffbf20a7733a8a7f155b9e2591cae68237c97",
                "sha256:30a589ca9cafe0981b92421969a748dedc4ee936ce3ed72561e5229e8878f95e",
                "sha256:5e6f0bb9ea5a446e7f08103884ed6b98165f071df8238a1352dc33882c8f075b",
                "sha256:5f055a727ba04c6fe5f4516ca6361a1890b5b4fbe736e0c3115593ea2406d36c",
                "sha256:626ebd36895f4be295d80b0fcec1cd8e5f62d3d635d9816a169248b7513b86ac",
                "sha256:66756bed1bb3346000d87fb57b19bd945d71cca1ea5b24b2b2e5961f092a7dcb",
                "sha256:820fd7fe31b5425b99212210ef23d81e23d3a515bf4e0a3d30a5241708e0f803",
                "sha256:824a77bacf9e80e941cab61b241c650d2844b06942c3b05ffa76ce6973d455b6",
                "sha256:aaffc47f5adf1643209146f2e760c684efdd301f77c6d949ab75798412b20289",
                "sha256:c4472e01810c136e54ceb9d4334758bcb7e4602f41386e93995c6a019467f4f6",
                "sha256:f148a7a37cf8b35f89a69135c816e5b1774b5f223be521596ca40f072c2b9e67",
                "sha256:f14a4235d5a66bb6f48af6682d8528265e5792b0fd2af7105d23c2baed6adbc3"
            ],
            "version": "==2022.0.1"
        },
        "robotpy-wpilib-utilities": {
            "hashes": [
                "sha256:24e3a4cc5164be69466b62e6d7804e562936bcd24d3a306964bbfb2a9e7c6326",
                "sha256:85ed855dc145e08b84373c7a62a4be09ece74358c3f10ae80c17a029b1d5d185"
            ],
            "markers": "python_version >= '3.6'",
            "version": "==2022.0.2"
        },
        "robotpy-wpimath": {
            "hashes": [
                "sha256:32649f733c22ea6556b21492b569565bce6bffe7381b7bd959facdf4dbcb56d9",
                "sha256:4ac629d815b2957fc531eff99f893ebcddf2829e96d9be3c60dbd68cc742d90d",
                "sha256:5425c415e32d34e4ac51fb49337925a8720107636068d227b2941a3c09462e0b",
                "sha256:6b888a6b2036510254d4d788be4ab514f29b340a5d09d7660aab3fe2e3fd581f",
                "sha256:7b0a195a4a2b420e09cd353ef35caa0de73f7f639f217556509492a26428cde1",
                "sha256:8b9eb0af8bd24542784ef2ccc7d144d3e64209717c365ad57be5a126362b39d7",
                "sha256:8da9ebd59962e1fa5389a83369c69f69c12b42836be747d59e9ffe9e90aee19c",
                "sha256:92474bb14c9dfbdb618d6b688edbdb209eecc83a75a552ca1ec724b60ef5fd6f",
                "sha256:a90a9d29ef418db62a7d1b223ccea506f22e4da7d24d0ec3af0e79eff0f8a73f",
                "sha256:aa30481e1f6259f909eb841e8e26e8fd7bd9d5574ec7712abb15519fd5b3ed8c",
                "sha256:b3c7b0cd1c71526ffdf10224fc2be6d5d1f8cc56cb9a9eaf2dffda119142d01b",
                "sha256:b585079b8d0e1c8697373ae46210874e0abc47974b08cef810a4c9c68e6007f4",
                "sha256:c00ab6101fe10c2d9259f98c54514da9a614317f3f87b23d3146835cbdea80a4",
                "sha256:df99c589931cb5e3cf7ff4cd37e68672bae72e0f8674fac332e4041775187af9",
                "sha256:f34528dafd7b9b241fecb994fe6d6ade54919b9328ee80cb904cee32abd7920f",
                "sha256:ffd6b0cbf597ffa6b129607cd64b29978ef2ed2e3e1b82142adbf4611aca4ef0"
            ],
            "markers": "python_version >= '3.6'",
            "version": "==2022.3.1.0"
        },
        "robotpy-wpiutil": {
            "hashes": [
                "sha256:1e6981e8d13240c1b172b1f05911c6ac1dede11418442893a6cba749fb14cb84",
                "sha256:21ba1c62e7911d474ac164c08ca59726fc775bad329ea4531c63447f7e0e126d",
                "sha256:2420e8a3a38d98ab37399c0a2e35fb9a0237397a0be61648f63e6c920a003a53",
                "sha256:33d4b3cb0e06c2381d4c71229fe3aba389ef7fbcb1dfc0f0dd391c04ae682219",
                "sha256:3ffabe2929578dadb618d71716b371ec51597f9517dbeae6a62fb7bcd4a6bedd",
                "sha256:67436601c3152d77b4dd5f37652ceb770a0ce379878d57883ed6a6d362c46cb9",
                "sha256:6fdf2c04f4c6d73af2bed0aa92900075abdb47b3d69ea728121b2ccf6e12a724",
                "sha256:7daf6c1548e0e1be21db6aeda5e778e62ac222ecb0549d0a38703f45d5f9b995",
                "sha256:810d2d86845bbb0c62de99842ec740c4881c2485a5a4430ac1406d07cb93d60a",
                "sha256:876ff358bba25b95c8ca675afc911ae9fe5cfb7a00fd9ffc9449e31f932911f1",
                "sha256:a7b4804a271114774cba86fd7fd9abaf48249fd80f9832a0abdde3bd27de7804",
                "sha256:c3d66aa6a18aeec2ceccf116b47b023047721bbd7006f3f252251a631b609fd0",
                "sha256:cea68e5270dc0b009f5d555f0cefce34d5cfc420b1aa482c8a8de8013658f718",
                "sha256:dbe39aa30a2cd2d8d5c8153cf4d842ab4a473fa2c325a9298d052d11b9b37758",
                "sha256:e2197460b3082551cfe3947252178b148242ed9d514109f31be4607fea19b05c",
                "sha256:fdb971c1202323e8861b58904ed5e53866db16cb71568199f4903f037688a1fe"
            ],
            "markers": "python_version >= '3.6'",
            "version": "==2022.3.1.1"
        },
        "six": {
            "hashes": [
                "sha256:1e61c37477a1626458e36f7b1d82aa5c9b094fa4802892072e49de9c60c4c926",
                "sha256:8abb2f1d86890a2dfb989f9a77cfcfd3e47c2a354b01111771326f8aa26e0254"
            ],
            "markers": "python_version >= '2.7' and python_version not in '3.0, 3.1, 3.2, 3.3'",
            "version": "==1.16.0"
        },
        "tomli": {
            "hashes": [
                "sha256:939de3e7a6161af0c887ef91b7d41a53e7c5a1ca976325f429cb46ea9bc30ecc",
                "sha256:de526c12914f0c550d15924c62d72abc48d6fe7364aa87328337a31007fe8a4f"
            ],
            "markers": "python_version >= '3.7'",
            "version": "==2.0.1"
        },
        "wpilib": {
            "hashes": [
                "sha256:0157d096f9651b493514e775c05b191374116e9ea86376ffcad16e739873bc38",
                "sha256:0bdb986653eb80d2cd327295b6323eef46ccae3e78ad00101e13e9de0bdde524",
                "sha256:19dc29e6d26a3940496d9d1338ecd213b783836bc6cde9f3f9d0f32a3e74198c",
                "sha256:2198b26be581851d30409e6e4fa6d818710e8aa2b85ab9d2252b2f5917becf85",
                "sha256:68ddcf1a9828ac2b8ca198483d6f5b9f12aa8048936a48752821ff74e487c96e",
                "sha256:7b1b01305989774fb8889efe5cb92691ab5035d3998fc8298f1faf90af02a24f",
                "sha256:7f16b9f27c85a249c7671199278314ba29984c3a02cad5883915a8b3ea2beeb5",
                "sha256:870db04fe311e9c85fea254fa9676f2093136b1379fa7245ac4dce5b327d6276",
                "sha256:91dfd61eebb6483b8041fec834bf38455974c6473e2c3465f76a4a7b98779886",
                "sha256:95e036de19fca61152b57ff4bf5bb43973b820e661a984f351fff65bc263c329",
                "sha256:9a79a8b44178797dc5d3849b03578c1b1bf6cc07127cd0150214b9a045f49642",
                "sha256:9aaf4ff7714f54ca77596e64f1fe896068620cd15f86ac4a86a9fd048eefe241",
                "sha256:a6717e001af810e1752490153f4322855ba0072cd656fa25d44ac80d16817e0e",
                "sha256:e5dc6ad18ca1334c17be0bb01037e6ecb52216ca7f1cbcc22c9b2b69b159d901",
                "sha256:f55f2e4ba6ad6c5b9a627cbd573d43baa34add4f40333154fe4e9389b0466cda",
                "sha256:f9d0cbaa73cb19961e5906903126048e8b3970ac06794e4eb576b92cc4f76f19"
            ],
            "markers": "python_version >= '3.6'",
            "version": "==2022.3.1.1"
        }
    },
    "develop": {}
}
