{
    "_meta": {
        "hash": {
            "sha256": "7c27a9d1a929f89eb583c4184a8bb5fbdc61e2a2488f7ab0bf2512d53edb8b33"
        },
        "pipfile-spec": 6,
        "requires": {
            "python_version": "3.10"
        },
        "sources": [
            {
                "name": "pypi",
                "url": "https://pypi.org/simple",
                "verify_ssl": true
            }
        ]
    },
    "default": {
        "atomicwrites": {
            "hashes": [
                "sha256:6d1784dea7c0c8d4a5172b6c620f40b6e4cbfdf96d783691f2e1302a7b88e197",
                "sha256:ae70396ad1a434f9c7046fd2dd196fc04b12f9e91ffb859164193be8b6168a7a"
            ],
            "markers": "sys_platform == 'win32'",
            "version": "==1.4.0"
        },
        "attrs": {
            "hashes": [
                "sha256:2d27e3784d7a565d36ab851fe94887c5eccd6a463168875832a1be79c82828b4",
                "sha256:626ba8234211db98e869df76230a137c4c40a12d72445c45d5f5b716f076e2fd"
            ],
            "markers": "python_version >= '2.7' and python_version not in '3.0, 3.1, 3.2, 3.3, 3.4'",
            "version": "==21.4.0"
        },
        "bcrypt": {
            "hashes": [
                "sha256:56e5da069a76470679f312a7d3d23deb3ac4519991a0361abc11da837087b61d",
                "sha256:5b93c1726e50a93a033c36e5ca7fdcd29a5c7395af50a6892f5d9e7c6cfbfb29",
                "sha256:63d4e3ff96188e5898779b6057878fecf3f11cfe6ec3b313ea09955d587ec7a7",
                "sha256:81fec756feff5b6818ea7ab031205e1d323d8943d237303baca2c5f9c7846f34",
                "sha256:a0584a92329210fcd75eb8a3250c5a941633f8bfaf2a18f81009b097732839b7",
                "sha256:a67fb841b35c28a59cebed05fbd3e80eea26e6d75851f0574a9273c80f3e9b55",
                "sha256:b589229207630484aefe5899122fb938a5b017b0f4349f769b8c13e78d99a8fd",
                "sha256:c95d4cbebffafcdd28bd28bb4e25b31c50f6da605c81ffd9ad8a3d1b2ab7b1b6",
                "sha256:cd1ea2ff3038509ea95f687256c46b79f5fc382ad0aa3664d200047546d511d1",
                "sha256:cdcdcb3972027f83fe24a48b1e90ea4b584d35f1cc279d76de6fc4b13376239d"
            ],
            "markers": "python_version >= '3.6'",
            "version": "==3.2.0"
        },
        "cffi": {
            "hashes": [
                "sha256:00c878c90cb53ccfaae6b8bc18ad05d2036553e6d9d1d9dbcf323bbe83854ca3",
                "sha256:0104fb5ae2391d46a4cb082abdd5c69ea4eab79d8d44eaaf79f1b1fd806ee4c2",
                "sha256:06c48159c1abed75c2e721b1715c379fa3200c7784271b3c46df01383b593636",
                "sha256:0808014eb713677ec1292301ea4c81ad277b6cdf2fdd90fd540af98c0b101d20",
                "sha256:10dffb601ccfb65262a27233ac273d552ddc4d8ae1bf93b21c94b8511bffe728",
                "sha256:14cd121ea63ecdae71efa69c15c5543a4b5fbcd0bbe2aad864baca0063cecf27",
                "sha256:17771976e82e9f94976180f76468546834d22a7cc404b17c22df2a2c81db0c66",
                "sha256:181dee03b1170ff1969489acf1c26533710231c58f95534e3edac87fff06c443",
                "sha256:23cfe892bd5dd8941608f93348c0737e369e51c100d03718f108bf1add7bd6d0",
                "sha256:263cc3d821c4ab2213cbe8cd8b355a7f72a8324577dc865ef98487c1aeee2bc7",
                "sha256:2756c88cbb94231c7a147402476be2c4df2f6078099a6f4a480d239a8817ae39",
                "sha256:27c219baf94952ae9d50ec19651a687b826792055353d07648a5695413e0c605",
                "sha256:2a23af14f408d53d5e6cd4e3d9a24ff9e05906ad574822a10563efcef137979a",
                "sha256:31fb708d9d7c3f49a60f04cf5b119aeefe5644daba1cd2a0fe389b674fd1de37",
                "sha256:3415c89f9204ee60cd09b235810be700e993e343a408693e80ce7f6a40108029",
                "sha256:3773c4d81e6e818df2efbc7dd77325ca0dcb688116050fb2b3011218eda36139",
                "sha256:3b96a311ac60a3f6be21d2572e46ce67f09abcf4d09344c49274eb9e0bf345fc",
                "sha256:3f7d084648d77af029acb79a0ff49a0ad7e9d09057a9bf46596dac9514dc07df",
                "sha256:41d45de54cd277a7878919867c0f08b0cf817605e4eb94093e7516505d3c8d14",
                "sha256:4238e6dab5d6a8ba812de994bbb0a79bddbdf80994e4ce802b6f6f3142fcc880",
                "sha256:45db3a33139e9c8f7c09234b5784a5e33d31fd6907800b316decad50af323ff2",
                "sha256:45e8636704eacc432a206ac7345a5d3d2c62d95a507ec70d62f23cd91770482a",
                "sha256:4958391dbd6249d7ad855b9ca88fae690783a6be9e86df65865058ed81fc860e",
                "sha256:4a306fa632e8f0928956a41fa8e1d6243c71e7eb59ffbd165fc0b41e316b2474",
                "sha256:57e9ac9ccc3101fac9d6014fba037473e4358ef4e89f8e181f8951a2c0162024",
                "sha256:59888172256cac5629e60e72e86598027aca6bf01fa2465bdb676d37636573e8",
                "sha256:5e069f72d497312b24fcc02073d70cb989045d1c91cbd53979366077959933e0",
                "sha256:64d4ec9f448dfe041705426000cc13e34e6e5bb13736e9fd62e34a0b0c41566e",
                "sha256:6dc2737a3674b3e344847c8686cf29e500584ccad76204efea14f451d4cc669a",
                "sha256:74fdfdbfdc48d3f47148976f49fab3251e550a8720bebc99bf1483f5bfb5db3e",
                "sha256:75e4024375654472cc27e91cbe9eaa08567f7fbdf822638be2814ce059f58032",
                "sha256:786902fb9ba7433aae840e0ed609f45c7bcd4e225ebb9c753aa39725bb3e6ad6",
                "sha256:8b6c2ea03845c9f501ed1313e78de148cd3f6cad741a75d43a29b43da27f2e1e",
                "sha256:91d77d2a782be4274da750752bb1650a97bfd8f291022b379bb8e01c66b4e96b",
                "sha256:91ec59c33514b7c7559a6acda53bbfe1b283949c34fe7440bcf917f96ac0723e",
                "sha256:920f0d66a896c2d99f0adbb391f990a84091179542c205fa53ce5787aff87954",
                "sha256:a5263e363c27b653a90078143adb3d076c1a748ec9ecc78ea2fb916f9b861962",
                "sha256:abb9a20a72ac4e0fdb50dae135ba5e77880518e742077ced47eb1499e29a443c",
                "sha256:c2051981a968d7de9dd2d7b87bcb9c939c74a34626a6e2f8181455dd49ed69e4",
                "sha256:c21c9e3896c23007803a875460fb786118f0cdd4434359577ea25eb556e34c55",
                "sha256:c2502a1a03b6312837279c8c1bd3ebedf6c12c4228ddbad40912d671ccc8a962",
                "sha256:d4d692a89c5cf08a8557fdeb329b82e7bf609aadfaed6c0d79f5a449a3c7c023",
                "sha256:da5db4e883f1ce37f55c667e5c0de439df76ac4cb55964655906306918e7363c",
                "sha256:e7022a66d9b55e93e1a845d8c9eba2a1bebd4966cd8bfc25d9cd07d515b33fa6",
                "sha256:ef1f279350da2c586a69d32fc8733092fd32cc8ac95139a00377841f59a3f8d8",
                "sha256:f54a64f8b0c8ff0b64d18aa76675262e1700f3995182267998c31ae974fbc382",
                "sha256:f5c7150ad32ba43a07c4479f40241756145a1f03b43480e058cfd862bf5041c7",
                "sha256:f6f824dc3bce0edab5f427efcfb1d63ee75b6fcb7282900ccaf925be84efb0fc",
                "sha256:fd8a250edc26254fe5b33be00402e6d287f562b6a5b2152dec302fa15bb3e997",
                "sha256:ffaa5c925128e29efbde7301d8ecaf35c8c60ffbcd6a1ffd3a552177c8e5e796"
            ],
            "version": "==1.15.0"
        },
        "click": {
            "hashes": [
                "sha256:6a7a62563bbfabfda3a38f3023a1db4a35978c0abd76f6c9605ecd6554d6d9b1",
                "sha256:8458d7b1287c5fb128c90e23381cf99dcde74beaf6c7ff6384ce84d6fe090adb"
            ],
            "markers": "python_version >= '3.6'",
            "version": "==8.0.4"
        },
        "colorama": {
            "hashes": [
                "sha256:5941b2b48a20143d2267e95b1c2a7603ce057ee39fd88e7329b0c292aa16869b",
                "sha256:9f47eda37229f68eee03b24b9748937c7dc3868f906e8ba69fbcbdd3bc5dc3e2"
            ],
            "markers": "sys_platform == 'win32'",
            "version": "==0.4.4"
        },
        "cryptography": {
            "hashes": [
                "sha256:0a817b961b46894c5ca8a66b599c745b9a3d9f822725221f0e0fe49dc043a3a3",
                "sha256:2d87cdcb378d3cfed944dac30596da1968f88fb96d7fc34fdae30a99054b2e31",
                "sha256:30ee1eb3ebe1644d1c3f183d115a8c04e4e603ed6ce8e394ed39eea4a98469ac",
                "sha256:391432971a66cfaf94b21c24ab465a4cc3e8bf4a939c1ca5c3e3a6e0abebdbcf",
                "sha256:39bdf8e70eee6b1c7b289ec6e5d84d49a6bfa11f8b8646b5b3dfe41219153316",
                "sha256:4caa4b893d8fad33cf1964d3e51842cd78ba87401ab1d2e44556826df849a8ca",
                "sha256:53e5c1dc3d7a953de055d77bef2ff607ceef7a2aac0353b5d630ab67f7423638",
                "sha256:596f3cd67e1b950bc372c33f1a28a0692080625592ea6392987dba7f09f17a94",
                "sha256:5d59a9d55027a8b88fd9fd2826c4392bd487d74bf628bb9d39beecc62a644c12",
                "sha256:6c0c021f35b421ebf5976abf2daacc47e235f8b6082d3396a2fe3ccd537ab173",
                "sha256:73bc2d3f2444bcfeac67dd130ff2ea598ea5f20b40e36d19821b4df8c9c5037b",
                "sha256:74d6c7e80609c0f4c2434b97b80c7f8fdfaa072ca4baab7e239a15d6d70ed73a",
                "sha256:7be0eec337359c155df191d6ae00a5e8bbb63933883f4f5dffc439dac5348c3f",
                "sha256:94ae132f0e40fe48f310bba63f477f14a43116f05ddb69d6fa31e93f05848ae2",
                "sha256:bb5829d027ff82aa872d76158919045a7c1e91fbf241aec32cb07956e9ebd3c9",
                "sha256:ca238ceb7ba0bdf6ce88c1b74a87bffcee5afbfa1e41e173b1ceb095b39add46",
                "sha256:ca28641954f767f9822c24e927ad894d45d5a1e501767599647259cbf030b903",
                "sha256:e0344c14c9cb89e76eb6a060e67980c9e35b3f36691e15e1b7a9e58a0a6c6dc3",
                "sha256:ebc15b1c22e55c4d5566e3ca4db8689470a0ca2babef8e3a9ee057a8b82ce4b1",
                "sha256:ec63da4e7e4a5f924b90af42eddf20b698a70e58d86a72d943857c4c6045b3ee"
            ],
            "markers": "python_version >= '3.6'",
            "version": "==36.0.1"
        },
        "cycler": {
            "hashes": [
                "sha256:3a27e95f763a428a739d2add979fa7494c912a32c17c4c38c4d5f082cad165a3",
                "sha256:9c87405839a19696e837b3b818fed3f5f69f16f1eec1a1ad77e043dcea9c772f"
            ],
            "markers": "python_version >= '3.6'",
            "version": "==0.11.0"
        },
        "fonttools": {
            "hashes": [
                "sha256:1933415e0fbdf068815cb1baaa1f159e17830215f7e8624e5731122761627557",
                "sha256:2b18a172120e32128a80efee04cff487d5d140fe7d817deb648b2eee023a40e4"
            ],
            "markers": "python_version >= '3.7'",
            "version": "==4.29.1"
        },
        "iniconfig": {
            "hashes": [
                "sha256:011e24c64b7f47f6ebd835bb12a743f2fbe9a26d4cecaa7f53bc4f35ee9da8b3",
                "sha256:bc3af051d7d14b2ee5ef9969666def0cd1a000e121eaea580d4a313df4b37f32"
            ],
            "version": "==1.1.1"
        },
        "kiwisolver": {
            "hashes": [
                "sha256:0007840186bacfaa0aba4466d5890334ea5938e0bb7e28078a0eb0e63b5b59d5",
                "sha256:19554bd8d54cf41139f376753af1a644b63c9ca93f8f72009d50a2080f870f77",
                "sha256:1d45d1c74f88b9f41062716c727f78f2a59a5476ecbe74956fafb423c5c87a76",
                "sha256:1d819553730d3c2724582124aee8a03c846ec4362ded1034c16fb3ef309264e6",
                "sha256:2210f28778c7d2ee13f3c2a20a3a22db889e75f4ec13a21072eabb5693801e84",
                "sha256:22521219ca739654a296eea6d4367703558fba16f98688bd8ce65abff36eaa84",
                "sha256:25405f88a37c5f5bcba01c6e350086d65e7465fd1caaf986333d2a045045a223",
                "sha256:2b65bd35f3e06a47b5c30ea99e0c2b88f72c6476eedaf8cfbc8e66adb5479dcf",
                "sha256:2ddb500a2808c100e72c075cbb00bf32e62763c82b6a882d403f01a119e3f402",
                "sha256:2f8f6c8f4f1cff93ca5058d6ec5f0efda922ecb3f4c5fb76181f327decff98b8",
                "sha256:30fa008c172355c7768159983a7270cb23838c4d7db73d6c0f6b60dde0d432c6",
                "sha256:3dbb3cea20b4af4f49f84cffaf45dd5f88e8594d18568e0225e6ad9dec0e7967",
                "sha256:4116ba9a58109ed5e4cb315bdcbff9838f3159d099ba5259c7c7fb77f8537492",
                "sha256:44e6adf67577dbdfa2d9f06db9fbc5639afefdb5bf2b4dfec25c3a7fbc619536",
                "sha256:5326ddfacbe51abf9469fe668944bc2e399181a2158cb5d45e1d40856b2a0589",
                "sha256:70adc3658138bc77a36ce769f5f183169bc0a2906a4f61f09673f7181255ac9b",
                "sha256:72be6ebb4e92520b9726d7146bc9c9b277513a57a38efcf66db0620aec0097e0",
                "sha256:7843b1624d6ccca403a610d1277f7c28ad184c5aa88a1750c1a999754e65b439",
                "sha256:7ba5a1041480c6e0a8b11a9544d53562abc2d19220bfa14133e0cdd9967e97af",
                "sha256:80efd202108c3a4150e042b269f7c78643420cc232a0a771743bb96b742f838f",
                "sha256:82f49c5a79d3839bc8f38cb5f4bfc87e15f04cbafa5fbd12fb32c941cb529cfb",
                "sha256:83d2c9db5dfc537d0171e32de160461230eb14663299b7e6d18ca6dca21e4977",
                "sha256:8d93a1095f83e908fc253f2fb569c2711414c0bfd451cab580466465b235b470",
                "sha256:8dc3d842fa41a33fe83d9f5c66c0cc1f28756530cd89944b63b072281e852031",
                "sha256:9661a04ca3c950a8ac8c47f53cbc0b530bce1b52f516a1e87b7736fec24bfff0",
                "sha256:a498bcd005e8a3fedd0022bb30ee0ad92728154a8798b703f394484452550507",
                "sha256:a7a4cf5bbdc861987a7745aed7a536c6405256853c94abc9f3287c3fa401b174",
                "sha256:b5074fb09429f2b7bc82b6fb4be8645dcbac14e592128beeff5461dcde0af09f",
                "sha256:b6a5431940f28b6de123de42f0eb47b84a073ee3c3345dc109ad550a3307dd28",
                "sha256:ba677bcaff9429fd1bf01648ad0901cea56c0d068df383d5f5856d88221fe75b",
                "sha256:bcadb05c3d4794eb9eee1dddf1c24215c92fb7b55a80beae7a60530a91060560",
                "sha256:bf7eb45d14fc036514c09554bf983f2a72323254912ed0c3c8e697b62c4c158f",
                "sha256:c358721aebd40c243894298f685a19eb0491a5c3e0b923b9f887ef1193ddf829",
                "sha256:c4550a359c5157aaf8507e6820d98682872b9100ce7607f8aa070b4b8af6c298",
                "sha256:c6572c2dab23c86a14e82c245473d45b4c515314f1f859e92608dcafbd2f19b8",
                "sha256:cba430db673c29376135e695c6e2501c44c256a81495da849e85d1793ee975ad",
                "sha256:dedc71c8eb9c5096037766390172c34fb86ef048b8e8958b4e484b9e505d66bc",
                "sha256:e6f5eb2f53fac7d408a45fbcdeda7224b1cfff64919d0f95473420a931347ae9",
                "sha256:ec2eba188c1906b05b9b49ae55aae4efd8150c61ba450e6721f64620c50b59eb",
                "sha256:ee040a7de8d295dbd261ef2d6d3192f13e2b08ec4a954de34a6fb8ff6422e24c",
                "sha256:eedd3b59190885d1ebdf6c5e0ca56828beb1949b4dfe6e5d0256a461429ac386",
                "sha256:f441422bb313ab25de7b3dbfd388e790eceb76ce01a18199ec4944b369017009",
                "sha256:f8eb7b6716f5b50e9c06207a14172cf2de201e41912ebe732846c02c830455b9",
                "sha256:fc4453705b81d03568d5b808ad8f09c77c47534f6ac2e72e733f9ca4714aa75c"
            ],
            "markers": "python_version >= '3.7'",
            "version": "==1.3.2"
        },
        "matplotlib": {
            "hashes": [
                "sha256:14334b9902ec776461c4b8c6516e26b450f7ebe0b3ef8703bf5cdfbbaecf774a",
                "sha256:2252bfac85cec7af4a67e494bfccf9080bcba8a0299701eab075f48847cca907",
                "sha256:2e3484d8455af3fdb0424eae1789af61f6a79da0c80079125112fd5c1b604218",
                "sha256:34a1fc29f8f96e78ec57a5eff5e8d8b53d3298c3be6df61e7aa9efba26929522",
                "sha256:3e66497cd990b1a130e21919b004da2f1dc112132c01ac78011a90a0f9229778",
                "sha256:40e0d7df05e8efe60397c69b467fc8f87a2affeb4d562fe92b72ff8937a2b511",
                "sha256:456cc8334f6d1124e8ff856b42d2cc1c84335375a16448189999496549f7182b",
                "sha256:506b210cc6e66a0d1c2bb765d055f4f6bc2745070fb1129203b67e85bbfa5c18",
                "sha256:53273c5487d1c19c3bc03b9eb82adaf8456f243b97ed79d09dded747abaf1235",
                "sha256:577ed20ec9a18d6bdedb4616f5e9e957b4c08563a9f985563a31fd5b10564d2a",
                "sha256:6803299cbf4665eca14428d9e886de62e24f4223ac31ab9c5d6d5339a39782c7",
                "sha256:68fa30cec89b6139dc559ed6ef226c53fd80396da1919a1b5ef672c911aaa767",
                "sha256:6c094e4bfecd2fa7f9adffd03d8abceed7157c928c2976899de282f3600f0a3d",
                "sha256:778d398c4866d8e36ee3bf833779c940b5f57192fa0a549b3ad67bc4c822771b",
                "sha256:7a350ca685d9f594123f652ba796ee37219bf72c8e0fc4b471473d87121d6d34",
                "sha256:87900c67c0f1728e6db17c6809ec05c025c6624dcf96a8020326ea15378fe8e7",
                "sha256:8a77906dc2ef9b67407cec0bdbf08e3971141e535db888974a915be5e1e3efc6",
                "sha256:8e70ae6475cfd0fad3816dcbf6cac536dc6f100f7474be58d59fa306e6e768a4",
                "sha256:abf67e05a1b7f86583f6ebd01f69b693b9c535276f4e943292e444855870a1b8",
                "sha256:b04fc29bcef04d4e2d626af28d9d892be6aba94856cb46ed52bcb219ceac8943",
                "sha256:b19a761b948e939a9e20173aaae76070025f0024fc8f7ba08bef22a5c8573afc",
                "sha256:b2e9810e09c3a47b73ce9cab5a72243a1258f61e7900969097a817232246ce1c",
                "sha256:b71f3a7ca935fc759f2aed7cec06cfe10bc3100fadb5dbd9c435b04e557971e1",
                "sha256:b8a4fb2a0c5afbe9604f8a91d7d0f27b1832c3e0b5e365f95a13015822b4cd65",
                "sha256:bb1c613908f11bac270bc7494d68b1ef6e7c224b7a4204d5dacf3522a41e2bc3",
                "sha256:d24e5bb8028541ce25e59390122f5e48c8506b7e35587e5135efcb6471b4ac6c",
                "sha256:d70a32ee1f8b55eed3fd4e892f0286df8cccc7e0475c11d33b5d0a148f5c7599",
                "sha256:e293b16cf303fe82995e41700d172a58a15efc5331125d08246b520843ef21ee",
                "sha256:e2f28a07b4f82abb40267864ad7b3a4ed76f1b1663e81c7efc84a9b9248f672f",
                "sha256:e3520a274a0e054e919f5b3279ee5dbccf5311833819ccf3399dab7c83e90a25",
                "sha256:e3b6f3fd0d8ca37861c31e9a7cab71a0ef14c639b4c95654ea1dd153158bf0df",
                "sha256:e486f60db0cd1c8d68464d9484fd2a94011c1ac8593d765d0211f9daba2bd535",
                "sha256:e8c87cdaf06fd7b2477f68909838ff4176f105064a72ca9d24d3f2a29f73d393",
                "sha256:edf5e4e1d5fb22c18820e8586fb867455de3b109c309cb4fce3aaed85d9468d1",
                "sha256:fe8d40c434a8e2c68d64c6d6a04e77f21791a93ff6afe0dce169597c110d3079"
            ],
            "index": "pypi",
            "version": "==3.5.1"
        },
        "numpy": {
            "hashes": [
                "sha256:03ae5850619abb34a879d5f2d4bb4dcd025d6d8fb72f5e461dae84edccfe129f",
                "sha256:076aee5a3763d41da6bef9565fdf3cb987606f567cd8b104aded2b38b7b47abf",
                "sha256:0b536b6840e84c1c6a410f3a5aa727821e6108f3454d81a5cd5900999ef04f89",
                "sha256:15efb7b93806d438e3bc590ca8ef2f953b0ce4f86f337ef4559d31ec6cf9d7dd",
                "sha256:168259b1b184aa83a514f307352c25c56af111c269ffc109d9704e81f72e764b",
                "sha256:2638389562bda1635b564490d76713695ff497242a83d9b684d27bb4a6cc9d7a",
                "sha256:3556c5550de40027d3121ebbb170f61bbe19eb639c7ad0c7b482cd9b560cd23b",
                "sha256:4a176959b6e7e00b5a0d6f549a479f869829bfd8150282c590deee6d099bbb6e",
                "sha256:515a8b6edbb904594685da6e176ac9fbea8f73a5ebae947281de6613e27f1956",
                "sha256:55535c7c2f61e2b2fc817c5cbe1af7cb907c7f011e46ae0a52caa4be1f19afe2",
                "sha256:59153979d60f5bfe9e4c00e401e24dfe0469ef8da6d68247439d3278f30a180f",
                "sha256:60cb8e5933193a3cc2912ee29ca331e9c15b2da034f76159b7abc520b3d1233a",
                "sha256:6767ad399e9327bfdbaa40871be4254d1995f4a3ca3806127f10cec778bd9896",
                "sha256:76a4f9bce0278becc2da7da3b8ef854bed41a991f4226911a24a9711baad672c",
                "sha256:8cf33634b60c9cef346663a222d9841d3bbbc0a2f00221d6bcfd0d993d5543f6",
                "sha256:94dd11d9f13ea1be17bac39c1942f527cbf7065f94953cf62dfe805653da2f8f",
                "sha256:aafa46b5a39a27aca566198d3312fb3bde95ce9677085efd02c86f7ef6be4ec7",
                "sha256:badca914580eb46385e7f7e4e426fea6de0a37b9e06bec252e481ae7ec287082",
                "sha256:d76a26c5118c4d96e264acc9e3242d72e1a2b92e739807b3b69d8d47684b6677"
            ],
            "markers": "python_version >= '3.8'",
            "version": "==1.22.2"
        },
        "packaging": {
            "hashes": [
                "sha256:dd47c42927d89ab911e606518907cc2d3a1f38bbd026385970643f9c5b8ecfeb",
                "sha256:ef103e05f519cdc783ae24ea4e2e0f508a9c99b2d4969652eed6a2e1ea5bd522"
            ],
            "markers": "python_version >= '3.6'",
            "version": "==21.3"
        },
        "paramiko": {
            "hashes": [
                "sha256:04097dbd96871691cdb34c13db1883066b8a13a0df2afd4cb0a92221f51c2603",
                "sha256:944a9e5dbdd413ab6c7951ea46b0ab40713235a9c4c5ca81cfe45c6f14fa677b"
            ],
            "version": "==2.9.2"
        },
        "pillow": {
            "hashes": [
                "sha256:011233e0c42a4a7836498e98c1acf5e744c96a67dd5032a6f666cc1fb97eab97",
                "sha256:0f29d831e2151e0b7b39981756d201f7108d3d215896212ffe2e992d06bfe049",
                "sha256:12875d118f21cf35604176872447cdb57b07126750a33748bac15e77f90f1f9c",
                "sha256:14d4b1341ac07ae07eb2cc682f459bec932a380c3b122f5540432d8977e64eae",
                "sha256:1c3c33ac69cf059bbb9d1a71eeaba76781b450bc307e2291f8a4764d779a6b28",
                "sha256:1d19397351f73a88904ad1aee421e800fe4bbcd1aeee6435fb62d0a05ccd1030",
                "sha256:253e8a302a96df6927310a9d44e6103055e8fb96a6822f8b7f514bb7ef77de56",
                "sha256:2632d0f846b7c7600edf53c48f8f9f1e13e62f66a6dbc15191029d950bfed976",
                "sha256:335ace1a22325395c4ea88e00ba3dc89ca029bd66bd5a3c382d53e44f0ccd77e",
                "sha256:413ce0bbf9fc6278b2d63309dfeefe452835e1c78398efb431bab0672fe9274e",
                "sha256:5100b45a4638e3c00e4d2320d3193bdabb2d75e79793af7c3eb139e4f569f16f",
                "sha256:514ceac913076feefbeaf89771fd6febde78b0c4c1b23aaeab082c41c694e81b",
                "sha256:528a2a692c65dd5cafc130de286030af251d2ee0483a5bf50c9348aefe834e8a",
                "sha256:6295f6763749b89c994fcb6d8a7f7ce03c3992e695f89f00b741b4580b199b7e",
                "sha256:6c8bc8238a7dfdaf7a75f5ec5a663f4173f8c367e5a39f87e720495e1eed75fa",
                "sha256:718856856ba31f14f13ba885ff13874be7fefc53984d2832458f12c38205f7f7",
                "sha256:7f7609a718b177bf171ac93cea9fd2ddc0e03e84d8fa4e887bdfc39671d46b00",
                "sha256:80ca33961ced9c63358056bd08403ff866512038883e74f3a4bf88ad3eb66838",
                "sha256:80fe64a6deb6fcfdf7b8386f2cf216d329be6f2781f7d90304351811fb591360",
                "sha256:81c4b81611e3a3cb30e59b0cf05b888c675f97e3adb2c8672c3154047980726b",
                "sha256:855c583f268edde09474b081e3ddcd5cf3b20c12f26e0d434e1386cc5d318e7a",
                "sha256:9bfdb82cdfeccec50aad441afc332faf8606dfa5e8efd18a6692b5d6e79f00fd",
                "sha256:a5d24e1d674dd9d72c66ad3ea9131322819ff86250b30dc5821cbafcfa0b96b4",
                "sha256:a9f44cd7e162ac6191491d7249cceb02b8116b0f7e847ee33f739d7cb1ea1f70",
                "sha256:b5b3f092fe345c03bca1e0b687dfbb39364b21ebb8ba90e3fa707374b7915204",
                "sha256:b9618823bd237c0d2575283f2939655f54d51b4527ec3972907a927acbcc5bfc",
                "sha256:cef9c85ccbe9bee00909758936ea841ef12035296c748aaceee535969e27d31b",
                "sha256:d21237d0cd37acded35154e29aec853e945950321dd2ffd1a7d86fe686814669",
                "sha256:d3c5c79ab7dfce6d88f1ba639b77e77a17ea33a01b07b99840d6ed08031cb2a7",
                "sha256:d9d7942b624b04b895cb95af03a23407f17646815495ce4547f0e60e0b06f58e",
                "sha256:db6d9fac65bd08cea7f3540b899977c6dee9edad959fa4eaf305940d9cbd861c",
                "sha256:ede5af4a2702444a832a800b8eb7f0a7a1c0eed55b644642e049c98d589e5092",
                "sha256:effb7749713d5317478bb3acb3f81d9d7c7f86726d41c1facca068a04cf5bb4c",
                "sha256:f154d173286a5d1863637a7dcd8c3437bb557520b01bddb0be0258dcb72696b5",
                "sha256:f25ed6e28ddf50de7e7ea99d7a976d6a9c415f03adcaac9c41ff6ff41b6d86ac"
            ],
            "markers": "python_version >= '3.7'",
            "version": "==9.0.1"
        },
        "pint": {
            "hashes": [
                "sha256:4b37f3c470639ea6f96b0026c3364bde30631fa737092bdaf18ad3f4f76f252f",
                "sha256:8c4bce884c269051feb7abc69dbfd18403c0c764abc83da132e8a7222f8ba801"
            ],
            "markers": "python_version >= '3.7'",
            "version": "==0.18"
        },
        "pluggy": {
            "hashes": [
                "sha256:4224373bacce55f955a878bf9cfa763c1e360858e330072059e10bad68531159",
                "sha256:74134bbf457f031a36d68416e1509f34bd5ccc019f0bcc952c7b909d06b37bd3"
            ],
            "markers": "python_version >= '3.6'",
            "version": "==1.0.0"
        },
        "py": {
            "hashes": [
                "sha256:51c75c4126074b472f746a24399ad32f6053d1b34b68d2fa41e558e6f4a98719",
                "sha256:607c53218732647dff4acdfcd50cb62615cedf612e72d1724fb1a0cc6405b378"
            ],
            "markers": "python_version >= '2.7' and python_version not in '3.0, 3.1, 3.2, 3.3, 3.4'",
            "version": "==1.11.0"
        },
        "pycparser": {
            "hashes": [
                "sha256:8ee45429555515e1f6b185e78100aea234072576aa43ab53aefcae078162fca9",
                "sha256:e644fdec12f7872f86c58ff790da456218b10f863970249516d60a5eaca77206"
            ],
            "version": "==2.21"
        },
        "pyfrc": {
            "hashes": [
                "sha256:6a057bbb1b451515445bc9940f328c6263c7ca84ec3fe06ec6e9a9794970281e",
                "sha256:dfeba17a1f599ebdb6a0df451141a0ff683257704026197f8748c859da79d85c"
            ],
            "markers": "platform_machine != 'armv7l'",
            "version": "==2022.0.2"
        },
        "pynacl": {
            "hashes": [
                "sha256:06b8f6fa7f5de8d5d2f7573fe8c863c051225a27b61e6860fd047b1775807858",
                "sha256:0c84947a22519e013607c9be43706dd42513f9e6ae5d39d3613ca1e142fba44d",
                "sha256:20f42270d27e1b6a29f54032090b972d97f0a1b0948cc52392041ef7831fee93",
                "sha256:401002a4aaa07c9414132aaed7f6836ff98f59277a234704ff66878c2ee4a0d1",
                "sha256:52cb72a79269189d4e0dc537556f4740f7f0a9ec41c1322598799b0bdad4ef92",
                "sha256:61f642bf2378713e2c2e1de73444a3778e5f0a38be6fee0fe532fe30060282ff",
                "sha256:8ac7448f09ab85811607bdd21ec2464495ac8b7c66d146bf545b0f08fb9220ba",
                "sha256:a36d4a9dda1f19ce6e03c9a784a2921a4b726b02e1c736600ca9c22029474394",
                "sha256:a422368fc821589c228f4c49438a368831cb5bbc0eab5ebe1d7fac9dded6567b",
                "sha256:e46dae94e34b085175f8abb3b0aaa7da40767865ac82c928eeb9e57e1ea8a543"
            ],
            "markers": "python_version >= '3.6'",
            "version": "==1.5.0"
        },
        "pynetconsole": {
            "hashes": [
                "sha256:0b442dcb66905452935ec93a1a48efab9b95df2151580895bc0040196948fbb0"
            ],
            "version": "==2.0.2"
        },
        "pynetworktables": {
            "hashes": [
                "sha256:54604b1993515c43890be058263f158c1d168c69bedd802f0de644964cf3840d",
                "sha256:91167948e66c29d5c90f85f3e249403f4d2ebf11368b93f9b968ef315388c73c"
            ],
            "markers": "python_version >= '3.5'",
            "version": "==2021.0.0"
        },
        "pyntcore": {
            "hashes": [
                "sha256:0939b2b1386472daf74178d3713b1d6b9c7aaf10e52fb5a848f9bfdc1e591e5f",
                "sha256:120af9b82e9bc414013562a911569de87fbbf346d867ef7e41b0f526e4f20fd3",
                "sha256:21b99be3c22960a417219cd9907552aeca7a5e957a90bd85e00d435f52b070b2",
                "sha256:2b76091d82db90f644b345687ec5656dabcf9b74c29ab572b00e20f387c90e66",
                "sha256:48c56f312681bd77be696d130611b80322f9fc23a4a7d11f8237c7c4727d3e7a",
                "sha256:5ebf249aeb659e2c091f6959ed22d0aae54022b4923db524aa2adaa55b18ea61",
                "sha256:73603cc3349b20bc64ad893e7a1463d393d690561728efe8ec1b2425fd62dd51",
                "sha256:8990c3b3db210fd5177414b4af388eff26072378939deca100face873449e3c0",
                "sha256:8f535c3346037cdf151131c8c34862ae3fb67c7de02c0fe220eb622f1fce35c0",
                "sha256:983d8e59b4f97b72a82760a44e28b4466e1af6e2a5e7be25b59218caa92f995c",
                "sha256:9e9bcdff1f2d78dea373f7250c63ba73519ffa82946356682fa395a743a33ed2",
                "sha256:ce555d83e3a33b435ac437ef1d5bb26da5c2758ba7fe771dc2d406cabb7cb38b",
                "sha256:d665e0d4fe4ca7156288dbcbe2c181178b90bb6ce3542e244d9870c8344b7194",
                "sha256:dd736d1a87232481b4d0effd95930793209d0b283048fae949075a42fc766f4b",
                "sha256:e6738d1a76af901e5f44e81d30bfe3c310be06caa1a8651921e88546038f4625",
                "sha256:e6cf1c78c9dd0fec339cb1511e78b457a5f9706d99e0a962e5c9ad360a3deca4"
            ],
            "markers": "python_version >= '3.6'",
            "version": "==2022.4.1.0"
        },
        "pyparsing": {
            "hashes": [
                "sha256:18ee9022775d270c55187733956460083db60b37d0d0fb357445f3094eed3eea",
                "sha256:a6c06a88f252e6c322f65faf8f418b16213b51bdfaece0524c1c1bc30c63c484"
            ],
            "markers": "python_version >= '3.6'",
            "version": "==3.0.7"
        },
        "pytest": {
            "hashes": [
                "sha256:9ce3ff477af913ecf6321fe337b93a2c0dcf2a0a1439c43f5452112c1e4280db",
                "sha256:e30905a0c131d3d94b89624a1cc5afec3e0ba2fbdb151867d8e0ebd49850f171"
            ],
            "markers": "python_version >= '3.6'",
            "version": "==7.0.1"
        },
        "python-dateutil": {
            "hashes": [
                "sha256:0123cacc1627ae19ddf3c27a5de5bd67ee4586fbdd6440d9748f8abb483d3e86",
                "sha256:961d03dc3453ebbc59dbdea9e4e11c5651520a876d0f4db161e8674aae935da9"
            ],
            "markers": "python_version >= '2.7' and python_version not in '3.0, 3.1, 3.2, 3.3'",
            "version": "==2.8.2"
        },
        "robotpy": {
            "extras": [
                "commands2",
                "ctre",
                "navx",
                "sim"
            ],
            "hashes": [
                "sha256:441a443b185f6e9a8ae901ca6665dc3b598c9a85b53fb1cda6b1c9be8cb3d1f5",
                "sha256:d116e43a1b1d2f3067a90a65b653ef446ebdf5fa6870f62e062db37b3b193c37"
            ],
            "index": "pypi",
            "version": "==2022.0.56"
        },
        "robotpy-commands-v2": {
            "hashes": [
                "sha256:0caf9bb7ff3820db6544af1428473f8fea7a073d265f1d0bffface0f73d55482",
                "sha256:251314ef41c723fcac93c1ed5c926148a26444e80101eefd4e55776fdb4973c6",
                "sha256:29c852fb1c71b4e42916b762fab9265eb8bda4ccb5c3f49e660a0d03a884d10f",
                "sha256:54b3ac9aefc99f827ccf7a2afe33de28e1bc6a7e572c360616a50d867d6c4c6a",
                "sha256:55ef0015775444a0bc4a3b211ca8c56551371355d5bceb5d1506ec33257dd4d5",
                "sha256:8a684f165cf3d5a94cc0b73e37ab26b15408c10f0a7453a3335e85a2ca0bd4b2",
                "sha256:97d2ce2de776607493845848f4c8fc97a2828f508788d230687e55a8ca04a353",
                "sha256:9e37095c7e289253f2f0b94aabae1afba0cbc42cd8ef1b89f80dc00255fd93a8",
                "sha256:be6777e20b412a1880b414a3fa2cbd59079532de0964fb53d957afab76090608",
                "sha256:c3440728877fd7e60cb81dceababc9ae12c3c22aad0448165e380cdb46028d95",
                "sha256:c5508e197eb3fad8dee952417f664b2362f8438debbe0dd58f84654197c867dc",
                "sha256:e53556677780633a61be559cb84f1767372aaf861921e2ff783375d9803688df",
                "sha256:e90e3fe71935c2b2f422beba40e2772bc3854f86b1b877dfcb4fb3a5fd6dbcd7",
                "sha256:eb81987a983dd3d1bcf090fd6c6d698352b13a071e48319540d461aef19f6a66",
                "sha256:ee3176450f92730891005368ccbe3d5fe55b59c98336c922682776cc58099aed",
                "sha256:fdaa8b319690fa776b1e9f9818b8027513887c8d6eb4adeaf4435aa70f119742"
            ],
            "version": "==2022.4.1.0"
        },
        "robotpy-ctre": {
            "hashes": [
                "sha256:3af78d48086af90bd16a7f11b5204d72c0b4351c059dff41f98635f2e2f00faf",
                "sha256:4635dd126cfd7385abef5ee7c88774652b9c4fb213f2325b59016c571b4ad437",
                "sha256:50dfacbd6c771d3f65ce5d3a07045a3cad9c3e28f13d4d7641ea4973ca48aae1",
                "sha256:5459f8e6b1cab16420eb39948fd832a38685266e750b8e2f6e9774849549a14d",
                "sha256:5fcf19839aa69cff0a9d5fbc3a8cb595be9040e0c4d29df2b5ef8abeb852957d",
                "sha256:626cfd9b1a913a885584e902649e142e8c86d1a15453dca5c87f8bcd6d49e437",
                "sha256:6fb2bf5ce4acc8c9b070510caa46ad95fbdef977a8a5b600d68e0f422e6cad47",
                "sha256:7aedde0504a6ad96e55d83d02326bdcf1c1e6d3a91f14b4fd5e6e19348f38197",
                "sha256:8bde2652e1fe69139912fce7006110e9252f94ce645dbf6eeb78690377301d74",
                "sha256:a5eaa3fd8fd2d1b7b94252ab474321c986336bbc93c4510dab728f53cb04f254",
                "sha256:ad46a89e749e0ac56b39edfee9a9e7eed051545e6692133ade5915480f18a606",
                "sha256:b13ed9de72b48d6f19e1f465477ecb68f8fd2137592d7f246726942a6b746e18",
                "sha256:b67615fba27f114ab7ac21f565e3c9c7ee5bf9168ac723e0355a55986bb2cb2e",
                "sha256:b7a1bdc048ae243a377b29614785a28a2ff86c75fe65addf02f8637137c4466d",
                "sha256:fe496783d804e4a7a768cd7eeb08c5d0d2a146b075ad209374a295f81f46d077",
                "sha256:ffb3abd4e36e80b52adb9daaa46e40005c3d3fb9bfafdb8335f47de599dff71f"
            ],
            "version": "==2022.1.0"
        },
        "robotpy-hal": {
            "hashes": [
                "sha256:13d4c7df990c8ca64389ceb451acb36958a45cbdf957f8db591074c48ff872fe",
                "sha256:2af9bbf51322bada5798f7c66997adcd6a08840bef8ac8a3a2e7be754e74f3bd",
                "sha256:313ca9a651df76330437e3d23dd29745ef58e500b7228c9266e5926dd7c16e7f",
                "sha256:4f561f47b9a58cf99cf5943148e53e8bb795bd0854e84654b064a7cf435a92e1",
                "sha256:5f860793722028730d7336642e4eb898834c817a749598c468b8af367febcaa8",
                "sha256:7f9582199b0ef564065e6a967c1a6b79c80d88509017118fa74dc6755b07d472",
                "sha256:87f78b403cc7830df33690f03a42c0a512c097af6a079876aad1109218966294",
                "sha256:988625b9c88cd6c08c8482ba532fb6388d24db6ddf767f8f6d2c3189a8436654",
                "sha256:a6f5935855a70096cab20bbbb3a0f399c958ec711d93b9093ba27f1d5de898db",
                "sha256:b3a00830349941f43e7f54b90ac62937c548e302329a13926d7557d5c6d574fa",
                "sha256:c38e652077796dfaccfd3ea55e5971b74a484f7076d9218181e42a9d49e08aac",
                "sha256:cdf93a7fc53c23247ab9a3feb35207be5ebc677a7b5f47cdbcdf3f001b0325f1",
                "sha256:dbe07986aba7160e13313b2048bab28121c73483155999063cf7401590ffdcc6",
                "sha256:e0e380da00b98a6be0a59f0c66679a75e43f04cda7c71e28bc48d05b7148614c",
                "sha256:e5219193f07ca068bb94f377ae9e918a85a8ca95a8520628c5b25a5215d107ed",
                "sha256:fda294e64b9f33d196a8636746e950480e62429f5ae2e6c090ba6c12f5de5127"
            ],
            "markers": "python_version >= '3.6'",
            "version": "==2022.4.1.0"
        },
        "robotpy-halsim-ds-socket": {
            "hashes": [
                "sha256:0cb4f1dafeae4f82ae922c6df3011882984305b47333961b4a00ea7dbc8be0fd",
                "sha256:0e149f02f36eaa1f1ec83236e6decae2fe039e4ef2f87cd909c5a767534e79ec",
                "sha256:3ba87f6519a8ffc7b7e0f3e97b4aca6849d506f882e39563182a1ac163fbedb4",
                "sha256:4092516c2346e4d7faf4e3afc120ce1d52238c6510bcfc5273eb0daf07a62c20",
                "sha256:40f02e5156e49a05ed775d245ce4e7c16f95b7163f77bd8b36df8cf9f0d62dc1",
                "sha256:57093acf5b48fafab038928d9d720abc3c95fb6815f7885ae6224a6f2e01d991",
                "sha256:57f416da8c4203ecb55f66c574f46874a2f9c1a7c95b242c4443d67b6234f8a0",
                "sha256:822e18898e62486516834f85cb8015a72785aa8afc110e4c9536171d06d855d8",
                "sha256:906433b1302357c63a75205d709e6b5ab45299b36aec58b27017192965a84f76",
                "sha256:94e64bbaf3e51b2bb3e483fe0a2d7a0e0645297a0d7ba42c5f6c8ab176909660",
                "sha256:9ec78b2a05ffd9ea874f059469ea40c3bc5a354960ffecc011e347cf79c2ea04",
                "sha256:d5820df972dedddbe84f54a4cf8b77b2b8da55fa19659fceaac13f097815c676",
                "sha256:d680c4a2a0dc1b7fd67472ebb193b2c81d50a679a7836b351d231f97be070688",
                "sha256:ebaf7a56248e5f5a66ec587c9095e912ede76aeb3e03e71d93650f3b35963453",
                "sha256:f1b5f102f4d944ccc8877aafa28d00de183f017b25d3fb48092c69280424f151",
                "sha256:fd550046587797cfef8e5a03b694e12670f2a76a9b4310d41192ebddd408d156"
            ],
            "version": "==2022.4.1.0"
        },
        "robotpy-halsim-gui": {
            "hashes": [
                "sha256:023e2195d5569d3eafa3134c84fa801eefd9076ed7bc3bc304fd0634be514e46",
                "sha256:104dbb40aed95bfd92ff7006be8c140c6bf4abac1adbe23197f9113e09423812",
                "sha256:2a92056ae502143517ae0d6109be280f189c008d31214ed094ee6dd8cee716f7",
                "sha256:3062b0d4bef9c7a2bf397020e1ed4c3923db9660bbfc4cc8ff76061fbdab57d5",
                "sha256:31c76ca0f7494a60bc3b07ce3561a93294c9639cff230e7632b8f762bd70a65a",
                "sha256:52253dc18dad5552290498aa4eb40a8fb7a5adb55729dd631b208aad084ce278",
                "sha256:5e295220c102272359620b8f5f580e8129e0ef59fb4dc089c48ef89b7544ec7d",
                "sha256:7192d1e95b2b3f98b6b47ad02d7098ff7eca112810ed60e008c14c587a7d4dd5",
                "sha256:7205a78f08aa16d433135159a2fa14aa4701882de9f91cf40ea9496e45731a76",
                "sha256:86d3c5f31f78d740f898520b37348a2d1e0d53dd2afd12ed2dbad40dcf53322f",
                "sha256:878ab380740432178ea7db7dd863b5d370cac757db64b7c7e686abf96708bc0d",
                "sha256:b4edd7ff0669cd2c73fe8ba12960359690e30f76c9963c42fe1a50f67f5f45d5",
                "sha256:d29141bed3598c7427e4cb476d909b37b78138eb5a78f1e0d6ce8ecdcf2e2a70",
                "sha256:e8ca96cc8f958645e861cf8e65a401ff81e717267c23eceb12e1aeae08e66f44",
                "sha256:eedb28a21912ea5a16e2ca881a4b6d20e3d3c345ac6dcdb61b09f9708af5f4b2",
                "sha256:f419b316a59f42565a52b7b6d17dfae97708c74720a8081cec2b84f8701e29f7"
            ],
            "markers": "platform_machine != 'armv7l'",
            "version": "==2022.4.1.0"
        },
        "robotpy-halsim-ws": {
            "hashes": [
                "sha256:1b1f33a812c2a992dd8b176ad29a9c7afa8ee7bef93382c307f72bc411710d32",
                "sha256:1be6277855f25b501024bde3aac0d80c3d7b3d163add6209ee242ee98c6298c3",
                "sha256:20596070efd2b09c572686b69a85befb15cddc56f7b8a59681b5743e87e01cde",
                "sha256:28750f201b6731d5ee35f9fdc8ebb4ba51151463f1d7356e0c851aab9064268a",
                "sha256:2a24a6385a3ff896f9ceaa69b14e9ddce87d1ead8cca34a3fa18b259588753b5",
                "sha256:3282b5f3c76c6f02d64fb0886e8080b9950e5addfc60c81448bdd64cdc223977",
                "sha256:675cefc815056343febd2fbcb21f356bc5f00a17b62b539f1c1ecb110b70528a",
                "sha256:68c6b65fc410f5f8eeab2abb9828ff55b4c60508d19a93808cec053371225e83",
                "sha256:6ae11328c9cb8f4918854c0597391aeedc94074bf621e1731bb6e3e2f977770c",
                "sha256:a94231d8c94c0f29ce64bd1f8b22f2a504201dab49cbad67f22e9bdb28f1996e",
                "sha256:ab6bea9149f3a1bfedbc717978298e4e372e0194309e81c531a5e700108481e0",
                "sha256:d3b1fc875d2226be34fe8116dbfe42ac7b3371ea14c82977e1acff9782183282",
                "sha256:e1d2f135b87893244afc40cf38a52c363185de9b40255cf90a3ba8947164ab41",
                "sha256:e361438569818ba1db3e27d05d54794d230911a407da87c442249bed423defa4",
                "sha256:f88990042d67d0ce8c27d56626d196a9b6e4461f56bf07845c45ccd2a3309038",
                "sha256:f8b8395551e2c696fcdcbb1449e65beaca6a46d030e9458ecbe95d78219f3ec6"
            ],
            "version": "==2022.4.1.0"
        },
        "robotpy-installer": {
            "hashes": [
                "sha256:0b8bcc47c29242afd972fa5312dedfe8c4a8a09d99c743a19ae85f0b986724a3",
                "sha256:dd64c7e1e6fb54c83be275a2913b4a411855e79a0dfd32bcdc8e05c7ece63857"
            ],
            "markers": "platform_machine != 'armv7l'",
            "version": "==2022.1.1"
        },
        "robotpy-navx": {
            "hashes": [
                "sha256:000ef51f7910aa0c5689de8985c65cef90e21d97f0292473a978e0bce0094ce4",
                "sha256:0b4dfc5ef9a380f151f3309755865f0191507dc364db023ca518daa87d7f20f0",
                "sha256:0c117e8699aa578b0b25d023fcd3697bd27da8789e0c2e8615ab6eabfdb1be33",
                "sha256:25ae94cbb141cf7aeade1039a112bc5808bd22aa8370765fa493ad356a12255a",
                "sha256:290ea09909a792af5e4034578539d71de16a39d8c8d598406c3d07e466aeb2b9",
                "sha256:35edb25c25235c118694f8b2009484b62029c86af265f69844022eb8d4184402",
                "sha256:68b3d47b78c6f977009814f0f5f85b0412fbfaa75088711b504fa1cedcae1da9",
                "sha256:6e9e5c6877669f43c7595fbb68e30a76b5b9f9877d7729da85c7fded75a08c7e",
                "sha256:7a1ff33b46929c750683d55bc405c312d006758c63f2a1ec88221d004e1e42b3",
                "sha256:85b4730b26b97e52827397a31b3fc1dd6fb4360f479c888c14f834149c45ad57",
                "sha256:9a5e16222ded06ddcf1dbd335d1de88e95135f0c7be49596cf6727b847c8d642",
                "sha256:c078b07bb340633995f1406fef8b9ed012744c5357bfc4eace15ebf573cf6997",
                "sha256:d2bf4f0a5097410ed4894f3b3fab1d0934a307bb449ed4e2cede76430619ac77",
                "sha256:e25bb64c2abadeebdeb6df7efd79cb9195bddbd14ed866d485b805ab843b4b37",
                "sha256:e30573ddd57f8f061e2ffae2d9858ffa2565964aac8631cf6c5afec72cc2b712",
                "sha256:eb9813fd2f84c2990b95fde0a0a4095dff401317c9c9a72d1d1196c683bd59c5"
            ],
            "version": "==2022.0.2"
        },
        "robotpy-wpilib-utilities": {
            "hashes": [
                "sha256:24e3a4cc5164be69466b62e6d7804e562936bcd24d3a306964bbfb2a9e7c6326",
                "sha256:85ed855dc145e08b84373c7a62a4be09ece74358c3f10ae80c17a029b1d5d185"
            ],
            "markers": "python_version >= '3.6'",
            "version": "==2022.0.2"
        },
        "robotpy-wpimath": {
            "hashes": [
                "sha256:0dcb0c8280a7e2312c9b6f77471224db7e0679401a9ab864d612c098b09a9659",
                "sha256:0e93442299357938fd4fb8e4fd30f265c4e08cccecf1b06488b5745eba9e32fb",
                "sha256:1f898baafdeb3f3b1eca54ca4a160a753a467ae5923dc73dd187bcd218e23e3e",
                "sha256:2a73690e3b675c94058007528dffb6740dab1964e6b57b9aceabe8a4fc84fa45",
                "sha256:5657e731fa0609c2ce78af61e6857640b6611a0e6d3779bdaa19ceca08afb84e",
                "sha256:89faf911ab3ba6ee82c90ce2df7e6de4957b7c4d24293a29b8278f8e3d272701",
                "sha256:8c818c08a9efc6facf9cfa1846a805c61bb36f61a8b5a9130930fe03467a0167",
                "sha256:90f6400b6f6536a944561d16890db931b9a2f4b858de1707564e6fe706ffe99d",
                "sha256:9395339432a74938d3f9cbfdba7eede490c708b166cde5e6f70e6ab5c31c0169",
                "sha256:9f6894d27cb7f27063f5e09c6d2e50eed8daa6a801ec58d1fc8ca3571c57d0af",
                "sha256:b655f6e41a7ad021ffd72d0e62ec5df1fee571ca1441384649d1cda8fc5cbdcb",
                "sha256:c1e784fff4678c2d0f1a98116bfe80abbafe0003b1d1af3b20196a9b8559bf1c",
                "sha256:c3a175803c2a23eb3c3b7b37656c72b610ba20ccd5696f3df03cbec0f93ef333",
                "sha256:d48b3b245a7125f681db6bc94a403d537cea1c3a2cb493d8610f90035b9a7d50",
                "sha256:d7bef0779a3bd63de0e409f634bb1a5e149e28ee0ae050798da41ea69b81d8bc",
                "sha256:df35e0e96597ea635f7f9c843a04983d01ad87c63a2df60adcf9c4dc8d7c076f"
            ],
            "markers": "python_version >= '3.6'",
            "version": "==2022.4.1.0"
        },
        "robotpy-wpiutil": {
            "hashes": [
                "sha256:0dbffc7870dd19817cd4f3d4eed68732e7019f6807649e676537ff8e21256032",
                "sha256:37b804f547f44c93d9012de545e4fd10286d8886f375751cbb84b023da7cf94e",
                "sha256:42d8363cea99daf46495d9333d8465c9bafe2af1580da35bd09a6fc6572306f3",
                "sha256:4767fc2398ffd20d32a8e4de424ac2d5be7643a262fd7e825b480822215e2a2e",
                "sha256:53a0c0b109431e1812e8e8548a494d893903e09d080851b33d9edf6fad472fcf",
                "sha256:56548f7d528ff45fd410a8e29c4387efce079ccd7ce77f9246303dbad3d28f8e",
                "sha256:6c6ba2e20140f88d1678abf3d4adb24132f4bc3061787b042633d55278a5d9d0",
                "sha256:86e58f1fcb723dd856aa13355ca9daee322b636f6dc4408fc1d6f7107c69eb16",
                "sha256:92ab492c222496f0375cf2614944c4a3a5aef259ede89a8916415b6936a4d237",
                "sha256:987a4cb86a428f6eccbc54922fc61dfaefe63939468bcf46fc65c44535a742dc",
                "sha256:a54d788757f8ff30268679ebe672d4103dc1ab65b03fa43abe1c83ea7177bd90",
                "sha256:a56e37df1c94ef63c33cc2012d960dd0d50e16aedf2a49aa8406a82d6ac6611f",
                "sha256:aaadd4f39e9734131d5dbff580cc21a931bffa1237b2ac2ac9549509ea9315e0",
                "sha256:ac6743527244151776a7bb3ec0a824e50e5893c31280c1658e6bf2988884bce7",
                "sha256:efdf08e7a9c0e98f4e6610ab29e3b5260bda75c3213c66fc4a485f73a5038f8a",
                "sha256:f70f77f11310e8c04852cd6ae87c28b9b7153954cb422d7798d382b30f17c004"
            ],
            "markers": "python_version >= '3.6'",
            "version": "==2022.4.1.1"
        },
        "six": {
            "hashes": [
                "sha256:1e61c37477a1626458e36f7b1d82aa5c9b094fa4802892072e49de9c60c4c926",
                "sha256:8abb2f1d86890a2dfb989f9a77cfcfd3e47c2a354b01111771326f8aa26e0254"
            ],
            "markers": "python_version >= '2.7' and python_version not in '3.0, 3.1, 3.2, 3.3'",
            "version": "==1.16.0"
        },
        "tomli": {
            "hashes": [
                "sha256:939de3e7a6161af0c887ef91b7d41a53e7c5a1ca976325f429cb46ea9bc30ecc",
                "sha256:de526c12914f0c550d15924c62d72abc48d6fe7364aa87328337a31007fe8a4f"
            ],
            "markers": "python_version >= '3.7'",
            "version": "==2.0.1"
        },
        "wpilib": {
            "hashes": [
                "sha256:0407154b658d7e278279664a4d43fad4d29ba757cf6b4d81a273130e06f5c90e",
                "sha256:0770390a42c0c4761ed8ac26c79ac194202b0c392933ec0615a7071eda240448",
                "sha256:29516ae230b69582630276dab449db04a4e53ee8e6209a53779e8f1c8c8b8995",
                "sha256:43483f0524d38f0d4caafe8474c632aff5cfcf32be8093245ef2f1f6096fb2fb",
                "sha256:62ec332db6b20b3d3573510c96ff2fede2f248c77f987efb6bb7210e4416ebb4",
                "sha256:7705eacd1a46129a24b8c9981625f07fd9c8040607b773553f64105d348919b0",
                "sha256:847c9fcbce548ac3bd446aca0bbf83c8f4c99103b11ac0f9a9c6b4d4ba28df28",
                "sha256:9c8628669c502f384200d0fe0c16a8aabf87207a0be16e32dfb3a89d3587ab6d",
                "sha256:a04165996dcea60dbe704f69a8643b47dcf0df6816105cd81c0e5f618d20fbe4",
                "sha256:a58f32482a2b52a8689362aba7741cdfd229a204addb350934a2e7c0cc081a71",
                "sha256:ac672c0053f9c86fd9764bb28334c2e8813ca188155b9a6959dc6906e78a4898",
                "sha256:c0c7c5ac701c2e557d9c7445ef6179149beaa237e4aa7eef6498cc8db2397166",
                "sha256:d2eab4c5fe0598b85f47f340932d942f8b30b94457ed60cddb3067572999ef92",
                "sha256:d77d1906f1414e10fa243cf010baae3fc06af61c7a537d0524f993ae4ee9d322",
                "sha256:d797fef16bee9314a913807ef17935598728790f2b7eef478087213779ca7756",
                "sha256:f7ff57ce8d4302cb9704cb19065bc35d2da45e06475591545ee8f3183cd849a7"
            ],
            "markers": "python_version >= '3.6'",
            "version": "==2022.4.1.0"
        }
    },
    "develop": {}
}
